// !$*UTF8*$!
{
	archiveVersion = 1;
	classes = {
	};
	objectVersion = 50;
	objects = {

/* Begin PBXBuildFile section */
		52FC07A425F9C2030049218F /* AppDelegate.swift in Sources */ = {isa = PBXBuildFile; fileRef = 52FC07A325F9C2030049218F /* AppDelegate.swift */; };
		52FC07A625F9C2030049218F /* SceneDelegate.swift in Sources */ = {isa = PBXBuildFile; fileRef = 52FC07A525F9C2030049218F /* SceneDelegate.swift */; };
		52FC07AB25F9C2030049218F /* Main.storyboard in Resources */ = {isa = PBXBuildFile; fileRef = 52FC07A925F9C2030049218F /* Main.storyboard */; };
		52FC07AD25F9C2050049218F /* Assets.xcassets in Resources */ = {isa = PBXBuildFile; fileRef = 52FC07AC25F9C2050049218F /* Assets.xcassets */; };
		52FC07B025F9C2050049218F /* LaunchScreen.storyboard in Resources */ = {isa = PBXBuildFile; fileRef = 52FC07AE25F9C2050049218F /* LaunchScreen.storyboard */; };
		52FC07BB25F9C2050049218F /* Lab08_TableViewTests.swift in Sources */ = {isa = PBXBuildFile; fileRef = 52FC07BA25F9C2050049218F /* Lab08_TableViewTests.swift */; };
		52FC07C625F9C2050049218F /* Lab08_TableViewUITests.swift in Sources */ = {isa = PBXBuildFile; fileRef = 52FC07C525F9C2050049218F /* Lab08_TableViewUITests.swift */; };
		52FC07D725F9C3040049218F /* SongViewController.swift in Sources */ = {isa = PBXBuildFile; fileRef = 52FC07D625F9C3040049218F /* SongViewController.swift */; };
		52FC07DC25F9C4C30049218F /* SongsStore.swift in Sources */ = {isa = PBXBuildFile; fileRef = 52FC07DB25F9C4C30049218F /* SongsStore.swift */; };
		52FC07E425F9C5170049218F /* Song.swift in Sources */ = {isa = PBXBuildFile; fileRef = 52FC07E325F9C5170049218F /* Song.swift */; };
		52FC07E925F9C77B0049218F /* SongCell.swift in Sources */ = {isa = PBXBuildFile; fileRef = 52FC07E825F9C77B0049218F /* SongCell.swift */; };
/* End PBXBuildFile section */

/* Begin PBXContainerItemProxy section */
		52FC07B725F9C2050049218F /* PBXContainerItemProxy */ = {
			isa = PBXContainerItemProxy;
			containerPortal = 52FC079825F9C2030049218F /* Project object */;
			proxyType = 1;
			remoteGlobalIDString = 52FC079F25F9C2030049218F;
			remoteInfo = "Lab08-TableView";
		};
		52FC07C225F9C2050049218F /* PBXContainerItemProxy */ = {
			isa = PBXContainerItemProxy;
			containerPortal = 52FC079825F9C2030049218F /* Project object */;
			proxyType = 1;
			remoteGlobalIDString = 52FC079F25F9C2030049218F;
			remoteInfo = "Lab08-TableView";
		};
/* End PBXContainerItemProxy section */

/* Begin PBXFileReference section */
		52FC07A025F9C2030049218F /* Lab08-TableView.app */ = {isa = PBXFileReference; explicitFileType = wrapper.application; includeInIndex = 0; path = "Lab08-TableView.app"; sourceTree = BUILT_PRODUCTS_DIR; };
		52FC07A325F9C2030049218F /* AppDelegate.swift */ = {isa = PBXFileReference; lastKnownFileType = sourcecode.swift; path = AppDelegate.swift; sourceTree = "<group>"; };
		52FC07A525F9C2030049218F /* SceneDelegate.swift */ = {isa = PBXFileReference; lastKnownFileType = sourcecode.swift; path = SceneDelegate.swift; sourceTree = "<group>"; };
		52FC07AA25F9C2030049218F /* Base */ = {isa = PBXFileReference; lastKnownFileType = file.storyboard; name = Base; path = Base.lproj/Main.storyboard; sourceTree = "<group>"; };
		52FC07AC25F9C2050049218F /* Assets.xcassets */ = {isa = PBXFileReference; lastKnownFileType = folder.assetcatalog; path = Assets.xcassets; sourceTree = "<group>"; };
		52FC07AF25F9C2050049218F /* Base */ = {isa = PBXFileReference; lastKnownFileType = file.storyboard; name = Base; path = Base.lproj/LaunchScreen.storyboard; sourceTree = "<group>"; };
		52FC07B125F9C2050049218F /* Info.plist */ = {isa = PBXFileReference; lastKnownFileType = text.plist.xml; path = Info.plist; sourceTree = "<group>"; };
		52FC07B625F9C2050049218F /* Lab08-TableViewTests.xctest */ = {isa = PBXFileReference; explicitFileType = wrapper.cfbundle; includeInIndex = 0; path = "Lab08-TableViewTests.xctest"; sourceTree = BUILT_PRODUCTS_DIR; };
		52FC07BA25F9C2050049218F /* Lab08_TableViewTests.swift */ = {isa = PBXFileReference; lastKnownFileType = sourcecode.swift; path = Lab08_TableViewTests.swift; sourceTree = "<group>"; };
		52FC07BC25F9C2050049218F /* Info.plist */ = {isa = PBXFileReference; lastKnownFileType = text.plist.xml; path = Info.plist; sourceTree = "<group>"; };
		52FC07C125F9C2050049218F /* Lab08-TableViewUITests.xctest */ = {isa = PBXFileReference; explicitFileType = wrapper.cfbundle; includeInIndex = 0; path = "Lab08-TableViewUITests.xctest"; sourceTree = BUILT_PRODUCTS_DIR; };
		52FC07C525F9C2050049218F /* Lab08_TableViewUITests.swift */ = {isa = PBXFileReference; lastKnownFileType = sourcecode.swift; path = Lab08_TableViewUITests.swift; sourceTree = "<group>"; };
		52FC07C725F9C2050049218F /* Info.plist */ = {isa = PBXFileReference; lastKnownFileType = text.plist.xml; path = Info.plist; sourceTree = "<group>"; };
		52FC07D625F9C3040049218F /* SongViewController.swift */ = {isa = PBXFileReference; lastKnownFileType = sourcecode.swift; path = SongViewController.swift; sourceTree = "<group>"; };
		52FC07DB25F9C4C30049218F /* SongsStore.swift */ = {isa = PBXFileReference; lastKnownFileType = sourcecode.swift; path = SongsStore.swift; sourceTree = "<group>"; };
		52FC07E325F9C5170049218F /* Song.swift */ = {isa = PBXFileReference; lastKnownFileType = sourcecode.swift; path = Song.swift; sourceTree = "<group>"; };
		52FC07E825F9C77B0049218F /* SongCell.swift */ = {isa = PBXFileReference; lastKnownFileType = sourcecode.swift; path = SongCell.swift; sourceTree = "<group>"; };
/* End PBXFileReference section */

/* Begin PBXFrameworksBuildPhase section */
		52FC079D25F9C2030049218F /* Frameworks */ = {
			isa = PBXFrameworksBuildPhase;
			buildActionMask = 2147483647;
			files = (
			);
			runOnlyForDeploymentPostprocessing = 0;
		};
		52FC07B325F9C2050049218F /* Frameworks */ = {
			isa = PBXFrameworksBuildPhase;
			buildActionMask = 2147483647;
			files = (
			);
			runOnlyForDeploymentPostprocessing = 0;
		};
		52FC07BE25F9C2050049218F /* Frameworks */ = {
			isa = PBXFrameworksBuildPhase;
			buildActionMask = 2147483647;
			files = (
			);
			runOnlyForDeploymentPostprocessing = 0;
		};
/* End PBXFrameworksBuildPhase section */

/* Begin PBXGroup section */
		52FC079725F9C2030049218F = {
			isa = PBXGroup;
			children = (
				52FC07A225F9C2030049218F /* Lab08-TableView */,
				52FC07B925F9C2050049218F /* Lab08-TableViewTests */,
				52FC07C425F9C2050049218F /* Lab08-TableViewUITests */,
				52FC07A125F9C2030049218F /* Products */,
			);
			sourceTree = "<group>";
		};
		52FC07A125F9C2030049218F /* Products */ = {
			isa = PBXGroup;
			children = (
				52FC07A025F9C2030049218F /* Lab08-TableView.app */,
				52FC07B625F9C2050049218F /* Lab08-TableViewTests.xctest */,
				52FC07C125F9C2050049218F /* Lab08-TableViewUITests.xctest */,
			);
			name = Products;
			sourceTree = "<group>";
		};
		52FC07A225F9C2030049218F /* Lab08-TableView */ = {
			isa = PBXGroup;
			children = (
				52FC07A325F9C2030049218F /* AppDelegate.swift */,
				52FC07A525F9C2030049218F /* SceneDelegate.swift */,
				52FC07A925F9C2030049218F /* Main.storyboard */,
				52FC07AC25F9C2050049218F /* Assets.xcassets */,
				52FC07AE25F9C2050049218F /* LaunchScreen.storyboard */,
				52FC07E825F9C77B0049218F /* SongCell.swift */,
				52FC07B125F9C2050049218F /* Info.plist */,
				52FC07D625F9C3040049218F /* SongViewController.swift */,
				52FC07DB25F9C4C30049218F /* SongsStore.swift */,
				52FC07E325F9C5170049218F /* Song.swift */,
			);
			path = "Lab08-TableView";
			sourceTree = "<group>";
		};
		52FC07B925F9C2050049218F /* Lab08-TableViewTests */ = {
			isa = PBXGroup;
			children = (
				52FC07BA25F9C2050049218F /* Lab08_TableViewTests.swift */,
				52FC07BC25F9C2050049218F /* Info.plist */,
			);
			path = "Lab08-TableViewTests";
			sourceTree = "<group>";
		};
		52FC07C425F9C2050049218F /* Lab08-TableViewUITests */ = {
			isa = PBXGroup;
			children = (
				52FC07C525F9C2050049218F /* Lab08_TableViewUITests.swift */,
				52FC07C725F9C2050049218F /* Info.plist */,
			);
			path = "Lab08-TableViewUITests";
			sourceTree = "<group>";
		};
/* End PBXGroup section */

/* Begin PBXNativeTarget section */
		52FC079F25F9C2030049218F /* Lab08-TableView */ = {
			isa = PBXNativeTarget;
			buildConfigurationList = 52FC07CA25F9C2050049218F /* Build configuration list for PBXNativeTarget "Lab08-TableView" */;
			buildPhases = (
				52FC079C25F9C2030049218F /* Sources */,
				52FC079D25F9C2030049218F /* Frameworks */,
				52FC079E25F9C2030049218F /* Resources */,
			);
			buildRules = (
			);
			dependencies = (
			);
			name = "Lab08-TableView";
			productName = "Lab08-TableView";
			productReference = 52FC07A025F9C2030049218F /* Lab08-TableView.app */;
			productType = "com.apple.product-type.application";
		};
		52FC07B525F9C2050049218F /* Lab08-TableViewTests */ = {
			isa = PBXNativeTarget;
			buildConfigurationList = 52FC07CD25F9C2050049218F /* Build configuration list for PBXNativeTarget "Lab08-TableViewTests" */;
			buildPhases = (
				52FC07B225F9C2050049218F /* Sources */,
				52FC07B325F9C2050049218F /* Frameworks */,
				52FC07B425F9C2050049218F /* Resources */,
			);
			buildRules = (
			);
			dependencies = (
				52FC07B825F9C2050049218F /* PBXTargetDependency */,
			);
			name = "Lab08-TableViewTests";
			productName = "Lab08-TableViewTests";
			productReference = 52FC07B625F9C2050049218F /* Lab08-TableViewTests.xctest */;
			productType = "com.apple.product-type.bundle.unit-test";
		};
		52FC07C025F9C2050049218F /* Lab08-TableViewUITests */ = {
			isa = PBXNativeTarget;
			buildConfigurationList = 52FC07D025F9C2050049218F /* Build configuration list for PBXNativeTarget "Lab08-TableViewUITests" */;
			buildPhases = (
				52FC07BD25F9C2050049218F /* Sources */,
				52FC07BE25F9C2050049218F /* Frameworks */,
				52FC07BF25F9C2050049218F /* Resources */,
			);
			buildRules = (
			);
			dependencies = (
				52FC07C325F9C2050049218F /* PBXTargetDependency */,
			);
			name = "Lab08-TableViewUITests";
			productName = "Lab08-TableViewUITests";
			productReference = 52FC07C125F9C2050049218F /* Lab08-TableViewUITests.xctest */;
			productType = "com.apple.product-type.bundle.ui-testing";
		};
/* End PBXNativeTarget section */

/* Begin PBXProject section */
		52FC079825F9C2030049218F /* Project object */ = {
			isa = PBXProject;
			attributes = {
				LastSwiftUpdateCheck = 1240;
				LastUpgradeCheck = 1240;
				TargetAttributes = {
					52FC079F25F9C2030049218F = {
						CreatedOnToolsVersion = 12.4;
					};
					52FC07B525F9C2050049218F = {
						CreatedOnToolsVersion = 12.4;
						TestTargetID = 52FC079F25F9C2030049218F;
					};
					52FC07C025F9C2050049218F = {
						CreatedOnToolsVersion = 12.4;
						TestTargetID = 52FC079F25F9C2030049218F;
					};
				};
			};
			buildConfigurationList = 52FC079B25F9C2030049218F /* Build configuration list for PBXProject "Lab08-TableView" */;
			compatibilityVersion = "Xcode 9.3";
			developmentRegion = en;
			hasScannedForEncodings = 0;
			knownRegions = (
				en,
				Base,
			);
			mainGroup = 52FC079725F9C2030049218F;
			productRefGroup = 52FC07A125F9C2030049218F /* Products */;
			projectDirPath = "";
			projectRoot = "";
			targets = (
				52FC079F25F9C2030049218F /* Lab08-TableView */,
				52FC07B525F9C2050049218F /* Lab08-TableViewTests */,
				52FC07C025F9C2050049218F /* Lab08-TableViewUITests */,
			);
		};
/* End PBXProject section */

/* Begin PBXResourcesBuildPhase section */
		52FC079E25F9C2030049218F /* Resources */ = {
			isa = PBXResourcesBuildPhase;
			buildActionMask = 2147483647;
			files = (
				52FC07B025F9C2050049218F /* LaunchScreen.storyboard in Resources */,
				52FC07AD25F9C2050049218F /* Assets.xcassets in Resources */,
				52FC07AB25F9C2030049218F /* Main.storyboard in Resources */,
			);
			runOnlyForDeploymentPostprocessing = 0;
		};
		52FC07B425F9C2050049218F /* Resources */ = {
			isa = PBXResourcesBuildPhase;
			buildActionMask = 2147483647;
			files = (
			);
			runOnlyForDeploymentPostprocessing = 0;
		};
		52FC07BF25F9C2050049218F /* Resources */ = {
			isa = PBXResourcesBuildPhase;
			buildActionMask = 2147483647;
			files = (
			);
			runOnlyForDeploymentPostprocessing = 0;
		};
/* End PBXResourcesBuildPhase section */

/* Begin PBXSourcesBuildPhase section */
		52FC079C25F9C2030049218F /* Sources */ = {
			isa = PBXSourcesBuildPhase;
			buildActionMask = 2147483647;
			files = (
				52FC07E425F9C5170049218F /* Song.swift in Sources */,
				52FC07D725F9C3040049218F /* SongViewController.swift in Sources */,
				52FC07E925F9C77B0049218F /* SongCell.swift in Sources */,
				52FC07DC25F9C4C30049218F /* SongsStore.swift in Sources */,
				52FC07A425F9C2030049218F /* AppDelegate.swift in Sources */,
				52FC07A625F9C2030049218F /* SceneDelegate.swift in Sources */,
			);
			runOnlyForDeploymentPostprocessing = 0;
		};
		52FC07B225F9C2050049218F /* Sources */ = {
			isa = PBXSourcesBuildPhase;
			buildActionMask = 2147483647;
			files = (
				52FC07BB25F9C2050049218F /* Lab08_TableViewTests.swift in Sources */,
			);
			runOnlyForDeploymentPostprocessing = 0;
		};
		52FC07BD25F9C2050049218F /* Sources */ = {
			isa = PBXSourcesBuildPhase;
			buildActionMask = 2147483647;
			files = (
				52FC07C625F9C2050049218F /* Lab08_TableViewUITests.swift in Sources */,
			);
			runOnlyForDeploymentPostprocessing = 0;
		};
/* End PBXSourcesBuildPhase section */

/* Begin PBXTargetDependency section */
		52FC07B825F9C2050049218F /* PBXTargetDependency */ = {
			isa = PBXTargetDependency;
			target = 52FC079F25F9C2030049218F /* Lab08-TableView */;
			targetProxy = 52FC07B725F9C2050049218F /* PBXContainerItemProxy */;
		};
		52FC07C325F9C2050049218F /* PBXTargetDependency */ = {
			isa = PBXTargetDependency;
			target = 52FC079F25F9C2030049218F /* Lab08-TableView */;
			targetProxy = 52FC07C225F9C2050049218F /* PBXContainerItemProxy */;
		};
/* End PBXTargetDependency section */

/* Begin PBXVariantGroup section */
		52FC07A925F9C2030049218F /* Main.storyboard */ = {
			isa = PBXVariantGroup;
			children = (
				52FC07AA25F9C2030049218F /* Base */,
			);
			name = Main.storyboard;
			sourceTree = "<group>";
		};
		52FC07AE25F9C2050049218F /* LaunchScreen.storyboard */ = {
			isa = PBXVariantGroup;
			children = (
				52FC07AF25F9C2050049218F /* Base */,
			);
			name = LaunchScreen.storyboard;
			sourceTree = "<group>";
		};
/* End PBXVariantGroup section */

/* Begin XCBuildConfiguration section */
		52FC07C825F9C2050049218F /* Debug */ = {
			isa = XCBuildConfiguration;
			buildSettings = {
				ALWAYS_SEARCH_USER_PATHS = NO;
				CLANG_ANALYZER_NONNULL = YES;
				CLANG_ANALYZER_NUMBER_OBJECT_CONVERSION = YES_AGGRESSIVE;
				CLANG_CXX_LANGUAGE_STANDARD = "gnu++14";
				CLANG_CXX_LIBRARY = "libc++";
				CLANG_ENABLE_MODULES = YES;
				CLANG_ENABLE_OBJC_ARC = YES;
				CLANG_ENABLE_OBJC_WEAK = YES;
				CLANG_WARN_BLOCK_CAPTURE_AUTORELEASING = YES;
				CLANG_WARN_BOOL_CONVERSION = YES;
				CLANG_WARN_COMMA = YES;
				CLANG_WARN_CONSTANT_CONVERSION = YES;
				CLANG_WARN_DEPRECATED_OBJC_IMPLEMENTATIONS = YES;
				CLANG_WARN_DIRECT_OBJC_ISA_USAGE = YES_ERROR;
				CLANG_WARN_DOCUMENTATION_COMMENTS = YES;
				CLANG_WARN_EMPTY_BODY = YES;
				CLANG_WARN_ENUM_CONVERSION = YES;
				CLANG_WARN_INFINITE_RECURSION = YES;
				CLANG_WARN_INT_CONVERSION = YES;
				CLANG_WARN_NON_LITERAL_NULL_CONVERSION = YES;
				CLANG_WARN_OBJC_IMPLICIT_RETAIN_SELF = YES;
				CLANG_WARN_OBJC_LITERAL_CONVERSION = YES;
				CLANG_WARN_OBJC_ROOT_CLASS = YES_ERROR;
				CLANG_WARN_QUOTED_INCLUDE_IN_FRAMEWORK_HEADER = YES;
				CLANG_WARN_RANGE_LOOP_ANALYSIS = YES;
				CLANG_WARN_STRICT_PROTOTYPES = YES;
				CLANG_WARN_SUSPICIOUS_MOVE = YES;
				CLANG_WARN_UNGUARDED_AVAILABILITY = YES_AGGRESSIVE;
				CLANG_WARN_UNREACHABLE_CODE = YES;
				CLANG_WARN__DUPLICATE_METHOD_MATCH = YES;
				COPY_PHASE_STRIP = NO;
				DEBUG_INFORMATION_FORMAT = dwarf;
				ENABLE_STRICT_OBJC_MSGSEND = YES;
				ENABLE_TESTABILITY = YES;
				GCC_C_LANGUAGE_STANDARD = gnu11;
				GCC_DYNAMIC_NO_PIC = NO;
				GCC_NO_COMMON_BLOCKS = YES;
				GCC_OPTIMIZATION_LEVEL = 0;
				GCC_PREPROCESSOR_DEFINITIONS = (
					"DEBUG=1",
					"$(inherited)",
				);
				GCC_WARN_64_TO_32_BIT_CONVERSION = YES;
				GCC_WARN_ABOUT_RETURN_TYPE = YES_ERROR;
				GCC_WARN_UNDECLARED_SELECTOR = YES;
				GCC_WARN_UNINITIALIZED_AUTOS = YES_AGGRESSIVE;
				GCC_WARN_UNUSED_FUNCTION = YES;
				GCC_WARN_UNUSED_VARIABLE = YES;
				IPHONEOS_DEPLOYMENT_TARGET = 14.4;
				MTL_ENABLE_DEBUG_INFO = INCLUDE_SOURCE;
				MTL_FAST_MATH = YES;
				ONLY_ACTIVE_ARCH = YES;
				SDKROOT = iphoneos;
				SWIFT_ACTIVE_COMPILATION_CONDITIONS = DEBUG;
				SWIFT_OPTIMIZATION_LEVEL = "-Onone";
			};
			name = Debug;
		};
		52FC07C925F9C2050049218F /* Release */ = {
			isa = XCBuildConfiguration;
			buildSettings = {
				ALWAYS_SEARCH_USER_PATHS = NO;
				CLANG_ANALYZER_NONNULL = YES;
				CLANG_ANALYZER_NUMBER_OBJECT_CONVERSION = YES_AGGRESSIVE;
				CLANG_CXX_LANGUAGE_STANDARD = "gnu++14";
				CLANG_CXX_LIBRARY = "libc++";
				CLANG_ENABLE_MODULES = YES;
				CLANG_ENABLE_OBJC_ARC = YES;
				CLANG_ENABLE_OBJC_WEAK = YES;
				CLANG_WARN_BLOCK_CAPTURE_AUTORELEASING = YES;
				CLANG_WARN_BOOL_CONVERSION = YES;
				CLANG_WARN_COMMA = YES;
				CLANG_WARN_CONSTANT_CONVERSION = YES;
				CLANG_WARN_DEPRECATED_OBJC_IMPLEMENTATIONS = YES;
				CLANG_WARN_DIRECT_OBJC_ISA_USAGE = YES_ERROR;
				CLANG_WARN_DOCUMENTATION_COMMENTS = YES;
				CLANG_WARN_EMPTY_BODY = YES;
				CLANG_WARN_ENUM_CONVERSION = YES;
				CLANG_WARN_INFINITE_RECURSION = YES;
				CLANG_WARN_INT_CONVERSION = YES;
				CLANG_WARN_NON_LITERAL_NULL_CONVERSION = YES;
				CLANG_WARN_OBJC_IMPLICIT_RETAIN_SELF = YES;
				CLANG_WARN_OBJC_LITERAL_CONVERSION = YES;
				CLANG_WARN_OBJC_ROOT_CLASS = YES_ERROR;
				CLANG_WARN_QUOTED_INCLUDE_IN_FRAMEWORK_HEADER = YES;
				CLANG_WARN_RANGE_LOOP_ANALYSIS = YES;
				CLANG_WARN_STRICT_PROTOTYPES = YES;
				CLANG_WARN_SUSPICIOUS_MOVE = YES;
				CLANG_WARN_UNGUARDED_AVAILABILITY = YES_AGGRESSIVE;
				CLANG_WARN_UNREACHABLE_CODE = YES;
				CLANG_WARN__DUPLICATE_METHOD_MATCH = YES;
				COPY_PHASE_STRIP = NO;
				DEBUG_INFORMATION_FORMAT = "dwarf-with-dsym";
				ENABLE_NS_ASSERTIONS = NO;
				ENABLE_STRICT_OBJC_MSGSEND = YES;
				GCC_C_LANGUAGE_STANDARD = gnu11;
				GCC_NO_COMMON_BLOCKS = YES;
				GCC_WARN_64_TO_32_BIT_CONVERSION = YES;
				GCC_WARN_ABOUT_RETURN_TYPE = YES_ERROR;
				GCC_WARN_UNDECLARED_SELECTOR = YES;
				GCC_WARN_UNINITIALIZED_AUTOS = YES_AGGRESSIVE;
				GCC_WARN_UNUSED_FUNCTION = YES;
				GCC_WARN_UNUSED_VARIABLE = YES;
				IPHONEOS_DEPLOYMENT_TARGET = 14.4;
				MTL_ENABLE_DEBUG_INFO = NO;
				MTL_FAST_MATH = YES;
				SDKROOT = iphoneos;
				SWIFT_COMPILATION_MODE = wholemodule;
				SWIFT_OPTIMIZATION_LEVEL = "-O";
				VALIDATE_PRODUCT = YES;
			};
			name = Release;
		};
		52FC07CB25F9C2050049218F /* Debug */ = {
			isa = XCBuildConfiguration;
			buildSettings = {
				ASSETCATALOG_COMPILER_APPICON_NAME = AppIcon;
				ASSETCATALOG_COMPILER_GLOBAL_ACCENT_COLOR_NAME = AccentColor;
				CODE_SIGN_STYLE = Automatic;
				DEVELOPMENT_TEAM = F95SX6GW52;
				INFOPLIST_FILE = "Lab08-TableView/Info.plist";
				LD_RUNPATH_SEARCH_PATHS = (
					"$(inherited)",
					"@executable_path/Frameworks",
				);
				PRODUCT_BUNDLE_IDENTIFIER = "it2100.tric.edu.Lab08-TableView";
				PRODUCT_NAME = "$(TARGET_NAME)";
				SWIFT_VERSION = 5.0;
				TARGETED_DEVICE_FAMILY = "1,2";
			};
			name = Debug;
		};
		52FC07CC25F9C2050049218F /* Release */ = {
			isa = XCBuildConfiguration;
			buildSettings = {
				ASSETCATALOG_COMPILER_APPICON_NAME = AppIcon;
				ASSETCATALOG_COMPILER_GLOBAL_ACCENT_COLOR_NAME = AccentColor;
				CODE_SIGN_STYLE = Automatic;
				DEVELOPMENT_TEAM = F95SX6GW52;
				INFOPLIST_FILE = "Lab08-TableView/Info.plist";
				LD_RUNPATH_SEARCH_PATHS = (
					"$(inherited)",
					"@executable_path/Frameworks",
				);
				PRODUCT_BUNDLE_IDENTIFIER = "it2100.tric.edu.Lab08-TableView";
				PRODUCT_NAME = "$(TARGET_NAME)";
				SWIFT_VERSION = 5.0;
				TARGETED_DEVICE_FAMILY = "1,2";
			};
			name = Release;
		};
		52FC07CE25F9C2050049218F /* Debug */ = {
			isa = XCBuildConfiguration;
			buildSettings = {
				ALWAYS_EMBED_SWIFT_STANDARD_LIBRARIES = YES;
				BUNDLE_LOADER = "$(TEST_HOST)";
				CODE_SIGN_STYLE = Automatic;
				DEVELOPMENT_TEAM = F95SX6GW52;
				INFOPLIST_FILE = "Lab08-TableViewTests/Info.plist";
				IPHONEOS_DEPLOYMENT_TARGET = 14.4;
				LD_RUNPATH_SEARCH_PATHS = (
					"$(inherited)",
					"@executable_path/Frameworks",
					"@loader_path/Frameworks",
				);
				PRODUCT_BUNDLE_IDENTIFIER = "it2100.tric.edu.Lab08-TableViewTests";
				PRODUCT_NAME = "$(TARGET_NAME)";
				SWIFT_VERSION = 5.0;
				TARGETED_DEVICE_FAMILY = "1,2";
				TEST_HOST = "$(BUILT_PRODUCTS_DIR)/Lab08-TableView.app/Lab08-TableView";
			};
			name = Debug;
		};
		52FC07CF25F9C2050049218F /* Release */ = {
			isa = XCBuildConfiguration;
			buildSettings = {
				ALWAYS_EMBED_SWIFT_STANDARD_LIBRARIES = YES;
				BUNDLE_LOADER = "$(TEST_HOST)";
				CODE_SIGN_STYLE = Automatic;
				DEVELOPMENT_TEAM = F95SX6GW52;
				INFOPLIST_FILE = "Lab08-TableViewTests/Info.plist";
				IPHONEOS_DEPLOYMENT_TARGET = 14.4;
				LD_RUNPATH_SEARCH_PATHS = (
					"$(inherited)",
					"@executable_path/Frameworks",
					"@loader_path/Frameworks",
				);
				PRODUCT_BUNDLE_IDENTIFIER = "it2100.tric.edu.Lab08-TableViewTests";
				PRODUCT_NAME = "$(TARGET_NAME)";
				SWIFT_VERSION = 5.0;
				TARGETED_DEVICE_FAMILY = "1,2";
				TEST_HOST = "$(BUILT_PRODUCTS_DIR)/Lab08-TableView.app/Lab08-TableView";
			};
			name = Release;
		};
		52FC07D125F9C2050049218F /* Debug */ = {
			isa = XCBuildConfiguration;
			buildSettings = {
				ALWAYS_EMBED_SWIFT_STANDARD_LIBRARIES = YES;
				CODE_SIGN_STYLE = Automatic;
				DEVELOPMENT_TEAM = F95SX6GW52;
				INFOPLIST_FILE = "Lab08-TableViewUITests/Info.plist";
				LD_RUNPATH_SEARCH_PATHS = (
					"$(inherited)",
					"@executable_path/Frameworks",
					"@loader_path/Frameworks",
				);
				PRODUCT_BUNDLE_IDENTIFIER = "it2100.tric.edu.Lab08-TableViewUITests";
				PRODUCT_NAME = "$(TARGET_NAME)";
				SWIFT_VERSION = 5.0;
				TARGETED_DEVICE_FAMILY = "1,2";
				TEST_TARGET_NAME = "Lab08-TableView";
			};
			name = Debug;
		};
		52FC07D225F9C2050049218F /* Release */ = {
			isa = XCBuildConfiguration;
			buildSettings = {
				ALWAYS_EMBED_SWIFT_STANDARD_LIBRARIES = YES;
				CODE_SIGN_STYLE = Automatic;
				DEVELOPMENT_TEAM = F95SX6GW52;
				INFOPLIST_FILE = "Lab08-TableViewUITests/Info.plist";
				LD_RUNPATH_SEARCH_PATHS = (
					"$(inherited)",
					"@executable_path/Frameworks",
					"@loader_path/Frameworks",
				);
				PRODUCT_BUNDLE_IDENTIFIER = "it2100.tric.edu.Lab08-TableViewUITests";
				PRODUCT_NAME = "$(TARGET_NAME)";
				SWIFT_VERSION = 5.0;
				TARGETED_DEVICE_FAMILY = "1,2";
				TEST_TARGET_NAME = "Lab08-TableView";
			};
			name = Release;
		};
/* End XCBuildConfiguration section */

/* Begin XCConfigurationList section */
		52FC079B25F9C2030049218F /* Build configuration list for PBXProject "Lab08-TableView" */ = {
			isa = XCConfigurationList;
			buildConfigurations = (
				52FC07C825F9C2050049218F /* Debug */,
				52FC07C925F9C2050049218F /* Release */,
			);
			defaultConfigurationIsVisible = 0;
			defaultConfigurationName = Release;
		};
		52FC07CA25F9C2050049218F /* Build configuration list for PBXNativeTarget "Lab08-TableView" */ = {
			isa = XCConfigurationList;
			buildConfigurations = (
				52FC07CB25F9C2050049218F /* Debug */,
				52FC07CC25F9C2050049218F /* Release */,
			);
			defaultConfigurationIsVisible = 0;
			defaultConfigurationName = Release;
		};
		52FC07CD25F9C2050049218F /* Build configuration list for PBXNativeTarget "Lab08-TableViewTests" */ = {
			isa = XCConfigurationList;
			buildConfigurations = (
				52FC07CE25F9C2050049218F /* Debug */,
				52FC07CF25F9C2050049218F /* Release */,
			);
			defaultConfigurationIsVisible = 0;
			defaultConfigurationName = Release;
		};
		52FC07D025F9C2050049218F /* Build configuration list for PBXNativeTarget "Lab08-TableViewUITests" */ = {
			isa = XCConfigurationList;
			buildConfigurations = (
				52FC07D125F9C2050049218F /* Debug */,
				52FC07D225F9C2050049218F /* Release */,
			);
			defaultConfigurationIsVisible = 0;
			defaultConfigurationName = Release;
		};
/* End XCConfigurationList section */
	};
	rootObject = 52FC079825F9C2030049218F /* Project object */;
}
