// !$*UTF8*$!
{
	archiveVersion = 1;
	classes = {
	};
	objectVersion = 50;
	objects = {

/* Begin PBXBuildFile section */
		52E4DE8525D30934003F5AF8 /* AppDelegate.swift in Sources */ = {isa = PBXBuildFile; fileRef = 52E4DE8425D30934003F5AF8 /* AppDelegate.swift */; };
		52E4DE8725D30934003F5AF8 /* SceneDelegate.swift in Sources */ = {isa = PBXBuildFile; fileRef = 52E4DE8625D30934003F5AF8 /* SceneDelegate.swift */; };
		52E4DE8925D30934003F5AF8 /* ViewController.swift in Sources */ = {isa = PBXBuildFile; fileRef = 52E4DE8825D30934003F5AF8 /* ViewController.swift */; };
		52E4DE8C25D30934003F5AF8 /* Main.storyboard in Resources */ = {isa = PBXBuildFile; fileRef = 52E4DE8A25D30934003F5AF8 /* Main.storyboard */; };
		52E4DE8E25D30936003F5AF8 /* Assets.xcassets in Resources */ = {isa = PBXBuildFile; fileRef = 52E4DE8D25D30936003F5AF8 /* Assets.xcassets */; };
		52E4DE9125D30936003F5AF8 /* LaunchScreen.storyboard in Resources */ = {isa = PBXBuildFile; fileRef = 52E4DE8F25D30936003F5AF8 /* LaunchScreen.storyboard */; };
		52E4DE9C25D30936003F5AF8 /* Lab04_BookClubTests.swift in Sources */ = {isa = PBXBuildFile; fileRef = 52E4DE9B25D30936003F5AF8 /* Lab04_BookClubTests.swift */; };
		52E4DEA725D30936003F5AF8 /* Lab04_BookClubUITests.swift in Sources */ = {isa = PBXBuildFile; fileRef = 52E4DEA625D30936003F5AF8 /* Lab04_BookClubUITests.swift */; };
		52E4DEB825D309CE003F5AF8 /* UserViewController.swift in Sources */ = {isa = PBXBuildFile; fileRef = 52E4DEB725D309CE003F5AF8 /* UserViewController.swift */; };
		52E4DEC225D30A1A003F5AF8 /* ClubInfoViewController.swift in Sources */ = {isa = PBXBuildFile; fileRef = 52E4DEC125D30A1A003F5AF8 /* ClubInfoViewController.swift */; };
		52FC066B25D46D2F0049218F /* TableViewController.swift in Sources */ = {isa = PBXBuildFile; fileRef = 52FC066A25D46D2F0049218F /* TableViewController.swift */; };
/* End PBXBuildFile section */

/* Begin PBXContainerItemProxy section */
		52E4DE9825D30936003F5AF8 /* PBXContainerItemProxy */ = {
			isa = PBXContainerItemProxy;
			containerPortal = 52E4DE7925D30934003F5AF8 /* Project object */;
			proxyType = 1;
			remoteGlobalIDString = 52E4DE8025D30934003F5AF8;
			remoteInfo = "Lab04-BookClub";
		};
		52E4DEA325D30936003F5AF8 /* PBXContainerItemProxy */ = {
			isa = PBXContainerItemProxy;
			containerPortal = 52E4DE7925D30934003F5AF8 /* Project object */;
			proxyType = 1;
			remoteGlobalIDString = 52E4DE8025D30934003F5AF8;
			remoteInfo = "Lab04-BookClub";
		};
/* End PBXContainerItemProxy section */

/* Begin PBXFileReference section */
		52E4DE8125D30934003F5AF8 /* Lab04-BookClub.app */ = {isa = PBXFileReference; explicitFileType = wrapper.application; includeInIndex = 0; path = "Lab04-BookClub.app"; sourceTree = BUILT_PRODUCTS_DIR; };
		52E4DE8425D30934003F5AF8 /* AppDelegate.swift */ = {isa = PBXFileReference; lastKnownFileType = sourcecode.swift; path = AppDelegate.swift; sourceTree = "<group>"; };
		52E4DE8625D30934003F5AF8 /* SceneDelegate.swift */ = {isa = PBXFileReference; lastKnownFileType = sourcecode.swift; path = SceneDelegate.swift; sourceTree = "<group>"; };
		52E4DE8825D30934003F5AF8 /* ViewController.swift */ = {isa = PBXFileReference; lastKnownFileType = sourcecode.swift; path = ViewController.swift; sourceTree = "<group>"; };
		52E4DE8B25D30934003F5AF8 /* Base */ = {isa = PBXFileReference; lastKnownFileType = file.storyboard; name = Base; path = Base.lproj/Main.storyboard; sourceTree = "<group>"; };
		52E4DE8D25D30936003F5AF8 /* Assets.xcassets */ = {isa = PBXFileReference; lastKnownFileType = folder.assetcatalog; path = Assets.xcassets; sourceTree = "<group>"; };
		52E4DE9025D30936003F5AF8 /* Base */ = {isa = PBXFileReference; lastKnownFileType = file.storyboard; name = Base; path = Base.lproj/LaunchScreen.storyboard; sourceTree = "<group>"; };
		52E4DE9225D30936003F5AF8 /* Info.plist */ = {isa = PBXFileReference; lastKnownFileType = text.plist.xml; path = Info.plist; sourceTree = "<group>"; };
		52E4DE9725D30936003F5AF8 /* Lab04-BookClubTests.xctest */ = {isa = PBXFileReference; explicitFileType = wrapper.cfbundle; includeInIndex = 0; path = "Lab04-BookClubTests.xctest"; sourceTree = BUILT_PRODUCTS_DIR; };
		52E4DE9B25D30936003F5AF8 /* Lab04_BookClubTests.swift */ = {isa = PBXFileReference; lastKnownFileType = sourcecode.swift; path = Lab04_BookClubTests.swift; sourceTree = "<group>"; };
		52E4DE9D25D30936003F5AF8 /* Info.plist */ = {isa = PBXFileReference; lastKnownFileType = text.plist.xml; path = Info.plist; sourceTree = "<group>"; };
		52E4DEA225D30936003F5AF8 /* Lab04-BookClubUITests.xctest */ = {isa = PBXFileReference; explicitFileType = wrapper.cfbundle; includeInIndex = 0; path = "Lab04-BookClubUITests.xctest"; sourceTree = BUILT_PRODUCTS_DIR; };
		52E4DEA625D30936003F5AF8 /* Lab04_BookClubUITests.swift */ = {isa = PBXFileReference; lastKnownFileType = sourcecode.swift; path = Lab04_BookClubUITests.swift; sourceTree = "<group>"; };
		52E4DEA825D30936003F5AF8 /* Info.plist */ = {isa = PBXFileReference; lastKnownFileType = text.plist.xml; path = Info.plist; sourceTree = "<group>"; };
		52E4DEB725D309CE003F5AF8 /* UserViewController.swift */ = {isa = PBXFileReference; lastKnownFileType = sourcecode.swift; path = UserViewController.swift; sourceTree = "<group>"; };
		52E4DEC125D30A1A003F5AF8 /* ClubInfoViewController.swift */ = {isa = PBXFileReference; fileEncoding = 4; lastKnownFileType = sourcecode.swift; path = ClubInfoViewController.swift; sourceTree = "<group>"; };
		52FC066A25D46D2F0049218F /* TableViewController.swift */ = {isa = PBXFileReference; lastKnownFileType = sourcecode.swift; path = TableViewController.swift; sourceTree = "<group>"; };
/* End PBXFileReference section */

/* Begin PBXFrameworksBuildPhase section */
		52E4DE7E25D30934003F5AF8 /* Frameworks */ = {
			isa = PBXFrameworksBuildPhase;
			buildActionMask = 2147483647;
			files = (
			);
			runOnlyForDeploymentPostprocessing = 0;
		};
		52E4DE9425D30936003F5AF8 /* Frameworks */ = {
			isa = PBXFrameworksBuildPhase;
			buildActionMask = 2147483647;
			files = (
			);
			runOnlyForDeploymentPostprocessing = 0;
		};
		52E4DE9F25D30936003F5AF8 /* Frameworks */ = {
			isa = PBXFrameworksBuildPhase;
			buildActionMask = 2147483647;
			files = (
			);
			runOnlyForDeploymentPostprocessing = 0;
		};
/* End PBXFrameworksBuildPhase section */

/* Begin PBXGroup section */
		52E4DE7825D30934003F5AF8 = {
			isa = PBXGroup;
			children = (
				52E4DE8325D30934003F5AF8 /* Lab04-BookClub */,
				52E4DE9A25D30936003F5AF8 /* Lab04-BookClubTests */,
				52E4DEA525D30936003F5AF8 /* Lab04-BookClubUITests */,
				52E4DE8225D30934003F5AF8 /* Products */,
			);
			sourceTree = "<group>";
		};
		52E4DE8225D30934003F5AF8 /* Products */ = {
			isa = PBXGroup;
			children = (
				52E4DE8125D30934003F5AF8 /* Lab04-BookClub.app */,
				52E4DE9725D30936003F5AF8 /* Lab04-BookClubTests.xctest */,
				52E4DEA225D30936003F5AF8 /* Lab04-BookClubUITests.xctest */,
			);
			name = Products;
			sourceTree = "<group>";
		};
		52E4DE8325D30934003F5AF8 /* Lab04-BookClub */ = {
			isa = PBXGroup;
			children = (
				52E4DE8425D30934003F5AF8 /* AppDelegate.swift */,
				52E4DE8625D30934003F5AF8 /* SceneDelegate.swift */,
				52E4DE8825D30934003F5AF8 /* ViewController.swift */,
				52E4DE8A25D30934003F5AF8 /* Main.storyboard */,
				52E4DEB725D309CE003F5AF8 /* UserViewController.swift */,
				52FC066A25D46D2F0049218F /* TableViewController.swift */,
				52E4DEC125D30A1A003F5AF8 /* ClubInfoViewController.swift */,
				52E4DE8D25D30936003F5AF8 /* Assets.xcassets */,
				52E4DE8F25D30936003F5AF8 /* LaunchScreen.storyboard */,
				52E4DE9225D30936003F5AF8 /* Info.plist */,
			);
			path = "Lab04-BookClub";
			sourceTree = "<group>";
		};
		52E4DE9A25D30936003F5AF8 /* Lab04-BookClubTests */ = {
			isa = PBXGroup;
			children = (
				52E4DE9B25D30936003F5AF8 /* Lab04_BookClubTests.swift */,
				52E4DE9D25D30936003F5AF8 /* Info.plist */,
			);
			path = "Lab04-BookClubTests";
			sourceTree = "<group>";
		};
		52E4DEA525D30936003F5AF8 /* Lab04-BookClubUITests */ = {
			isa = PBXGroup;
			children = (
				52E4DEA625D30936003F5AF8 /* Lab04_BookClubUITests.swift */,
				52E4DEA825D30936003F5AF8 /* Info.plist */,
			);
			path = "Lab04-BookClubUITests";
			sourceTree = "<group>";
		};
/* End PBXGroup section */

/* Begin PBXNativeTarget section */
		52E4DE8025D30934003F5AF8 /* Lab04-BookClub */ = {
			isa = PBXNativeTarget;
			buildConfigurationList = 52E4DEAB25D30936003F5AF8 /* Build configuration list for PBXNativeTarget "Lab04-BookClub" */;
			buildPhases = (
				52E4DE7D25D30934003F5AF8 /* Sources */,
				52E4DE7E25D30934003F5AF8 /* Frameworks */,
				52E4DE7F25D30934003F5AF8 /* Resources */,
			);
			buildRules = (
			);
			dependencies = (
			);
			name = "Lab04-BookClub";
			productName = "Lab04-BookClub";
			productReference = 52E4DE8125D30934003F5AF8 /* Lab04-BookClub.app */;
			productType = "com.apple.product-type.application";
		};
		52E4DE9625D30936003F5AF8 /* Lab04-BookClubTests */ = {
			isa = PBXNativeTarget;
			buildConfigurationList = 52E4DEAE25D30936003F5AF8 /* Build configuration list for PBXNativeTarget "Lab04-BookClubTests" */;
			buildPhases = (
				52E4DE9325D30936003F5AF8 /* Sources */,
				52E4DE9425D30936003F5AF8 /* Frameworks */,
				52E4DE9525D30936003F5AF8 /* Resources */,
			);
			buildRules = (
			);
			dependencies = (
				52E4DE9925D30936003F5AF8 /* PBXTargetDependency */,
			);
			name = "Lab04-BookClubTests";
			productName = "Lab04-BookClubTests";
			productReference = 52E4DE9725D30936003F5AF8 /* Lab04-BookClubTests.xctest */;
			productType = "com.apple.product-type.bundle.unit-test";
		};
		52E4DEA125D30936003F5AF8 /* Lab04-BookClubUITests */ = {
			isa = PBXNativeTarget;
			buildConfigurationList = 52E4DEB125D30936003F5AF8 /* Build configuration list for PBXNativeTarget "Lab04-BookClubUITests" */;
			buildPhases = (
				52E4DE9E25D30936003F5AF8 /* Sources */,
				52E4DE9F25D30936003F5AF8 /* Frameworks */,
				52E4DEA025D30936003F5AF8 /* Resources */,
			);
			buildRules = (
			);
			dependencies = (
				52E4DEA425D30936003F5AF8 /* PBXTargetDependency */,
			);
			name = "Lab04-BookClubUITests";
			productName = "Lab04-BookClubUITests";
			productReference = 52E4DEA225D30936003F5AF8 /* Lab04-BookClubUITests.xctest */;
			productType = "com.apple.product-type.bundle.ui-testing";
		};
/* End PBXNativeTarget section */

/* Begin PBXProject section */
		52E4DE7925D30934003F5AF8 /* Project object */ = {
			isa = PBXProject;
			attributes = {
				LastSwiftUpdateCheck = 1240;
				LastUpgradeCheck = 1240;
				TargetAttributes = {
					52E4DE8025D30934003F5AF8 = {
						CreatedOnToolsVersion = 12.4;
					};
					52E4DE9625D30936003F5AF8 = {
						CreatedOnToolsVersion = 12.4;
						TestTargetID = 52E4DE8025D30934003F5AF8;
					};
					52E4DEA125D30936003F5AF8 = {
						CreatedOnToolsVersion = 12.4;
						TestTargetID = 52E4DE8025D30934003F5AF8;
					};
				};
			};
			buildConfigurationList = 52E4DE7C25D30934003F5AF8 /* Build configuration list for PBXProject "Lab04-BookClub" */;
			compatibilityVersion = "Xcode 9.3";
			developmentRegion = en;
			hasScannedForEncodings = 0;
			knownRegions = (
				en,
				Base,
			);
			mainGroup = 52E4DE7825D30934003F5AF8;
			productRefGroup = 52E4DE8225D30934003F5AF8 /* Products */;
			projectDirPath = "";
			projectRoot = "";
			targets = (
				52E4DE8025D30934003F5AF8 /* Lab04-BookClub */,
				52E4DE9625D30936003F5AF8 /* Lab04-BookClubTests */,
				52E4DEA125D30936003F5AF8 /* Lab04-BookClubUITests */,
			);
		};
/* End PBXProject section */

/* Begin PBXResourcesBuildPhase section */
		52E4DE7F25D30934003F5AF8 /* Resources */ = {
			isa = PBXResourcesBuildPhase;
			buildActionMask = 2147483647;
			files = (
				52E4DE9125D30936003F5AF8 /* LaunchScreen.storyboard in Resources */,
				52E4DE8E25D30936003F5AF8 /* Assets.xcassets in Resources */,
				52E4DE8C25D30934003F5AF8 /* Main.storyboard in Resources */,
			);
			runOnlyForDeploymentPostprocessing = 0;
		};
		52E4DE9525D30936003F5AF8 /* Resources */ = {
			isa = PBXResourcesBuildPhase;
			buildActionMask = 2147483647;
			files = (
			);
			runOnlyForDeploymentPostprocessing = 0;
		};
		52E4DEA025D30936003F5AF8 /* Resources */ = {
			isa = PBXResourcesBuildPhase;
			buildActionMask = 2147483647;
			files = (
			);
			runOnlyForDeploymentPostprocessing = 0;
		};
/* End PBXResourcesBuildPhase section */

/* Begin PBXSourcesBuildPhase section */
		52E4DE7D25D30934003F5AF8 /* Sources */ = {
			isa = PBXSourcesBuildPhase;
			buildActionMask = 2147483647;
			files = (
				52E4DE8925D30934003F5AF8 /* ViewController.swift in Sources */,
				52FC066B25D46D2F0049218F /* TableViewController.swift in Sources */,
				52E4DEB825D309CE003F5AF8 /* UserViewController.swift in Sources */,
				52E4DE8525D30934003F5AF8 /* AppDelegate.swift in Sources */,
				52E4DEC225D30A1A003F5AF8 /* ClubInfoViewController.swift in Sources */,
				52E4DE8725D30934003F5AF8 /* SceneDelegate.swift in Sources */,
			);
			runOnlyForDeploymentPostprocessing = 0;
		};
		52E4DE9325D30936003F5AF8 /* Sources */ = {
			isa = PBXSourcesBuildPhase;
			buildActionMask = 2147483647;
			files = (
				52E4DE9C25D30936003F5AF8 /* Lab04_BookClubTests.swift in Sources */,
			);
			runOnlyForDeploymentPostprocessing = 0;
		};
		52E4DE9E25D30936003F5AF8 /* Sources */ = {
			isa = PBXSourcesBuildPhase;
			buildActionMask = 2147483647;
			files = (
				52E4DEA725D30936003F5AF8 /* Lab04_BookClubUITests.swift in Sources */,
			);
			runOnlyForDeploymentPostprocessing = 0;
		};
/* End PBXSourcesBuildPhase section */

/* Begin PBXTargetDependency section */
		52E4DE9925D30936003F5AF8 /* PBXTargetDependency */ = {
			isa = PBXTargetDependency;
			target = 52E4DE8025D30934003F5AF8 /* Lab04-BookClub */;
			targetProxy = 52E4DE9825D30936003F5AF8 /* PBXContainerItemProxy */;
		};
		52E4DEA425D30936003F5AF8 /* PBXTargetDependency */ = {
			isa = PBXTargetDependency;
			target = 52E4DE8025D30934003F5AF8 /* Lab04-BookClub */;
			targetProxy = 52E4DEA325D30936003F5AF8 /* PBXContainerItemProxy */;
		};
/* End PBXTargetDependency section */

/* Begin PBXVariantGroup section */
		52E4DE8A25D30934003F5AF8 /* Main.storyboard */ = {
			isa = PBXVariantGroup;
			children = (
				52E4DE8B25D30934003F5AF8 /* Base */,
			);
			name = Main.storyboard;
			sourceTree = "<group>";
		};
		52E4DE8F25D30936003F5AF8 /* LaunchScreen.storyboard */ = {
			isa = PBXVariantGroup;
			children = (
				52E4DE9025D30936003F5AF8 /* Base */,
			);
			name = LaunchScreen.storyboard;
			sourceTree = "<group>";
		};
/* End PBXVariantGroup section */

/* Begin XCBuildConfiguration section */
		52E4DEA925D30936003F5AF8 /* Debug */ = {
			isa = XCBuildConfiguration;
			buildSettings = {
				ALWAYS_SEARCH_USER_PATHS = NO;
				CLANG_ANALYZER_NONNULL = YES;
				CLANG_ANALYZER_NUMBER_OBJECT_CONVERSION = YES_AGGRESSIVE;
				CLANG_CXX_LANGUAGE_STANDARD = "gnu++14";
				CLANG_CXX_LIBRARY = "libc++";
				CLANG_ENABLE_MODULES = YES;
				CLANG_ENABLE_OBJC_ARC = YES;
				CLANG_ENABLE_OBJC_WEAK = YES;
				CLANG_WARN_BLOCK_CAPTURE_AUTORELEASING = YES;
				CLANG_WARN_BOOL_CONVERSION = YES;
				CLANG_WARN_COMMA = YES;
				CLANG_WARN_CONSTANT_CONVERSION = YES;
				CLANG_WARN_DEPRECATED_OBJC_IMPLEMENTATIONS = YES;
				CLANG_WARN_DIRECT_OBJC_ISA_USAGE = YES_ERROR;
				CLANG_WARN_DOCUMENTATION_COMMENTS = YES;
				CLANG_WARN_EMPTY_BODY = YES;
				CLANG_WARN_ENUM_CONVERSION = YES;
				CLANG_WARN_INFINITE_RECURSION = YES;
				CLANG_WARN_INT_CONVERSION = YES;
				CLANG_WARN_NON_LITERAL_NULL_CONVERSION = YES;
				CLANG_WARN_OBJC_IMPLICIT_RETAIN_SELF = YES;
				CLANG_WARN_OBJC_LITERAL_CONVERSION = YES;
				CLANG_WARN_OBJC_ROOT_CLASS = YES_ERROR;
				CLANG_WARN_QUOTED_INCLUDE_IN_FRAMEWORK_HEADER = YES;
				CLANG_WARN_RANGE_LOOP_ANALYSIS = YES;
				CLANG_WARN_STRICT_PROTOTYPES = YES;
				CLANG_WARN_SUSPICIOUS_MOVE = YES;
				CLANG_WARN_UNGUARDED_AVAILABILITY = YES_AGGRESSIVE;
				CLANG_WARN_UNREACHABLE_CODE = YES;
				CLANG_WARN__DUPLICATE_METHOD_MATCH = YES;
				COPY_PHASE_STRIP = NO;
				DEBUG_INFORMATION_FORMAT = dwarf;
				ENABLE_STRICT_OBJC_MSGSEND = YES;
				ENABLE_TESTABILITY = YES;
				GCC_C_LANGUAGE_STANDARD = gnu11;
				GCC_DYNAMIC_NO_PIC = NO;
				GCC_NO_COMMON_BLOCKS = YES;
				GCC_OPTIMIZATION_LEVEL = 0;
				GCC_PREPROCESSOR_DEFINITIONS = (
					"DEBUG=1",
					"$(inherited)",
				);
				GCC_WARN_64_TO_32_BIT_CONVERSION = YES;
				GCC_WARN_ABOUT_RETURN_TYPE = YES_ERROR;
				GCC_WARN_UNDECLARED_SELECTOR = YES;
				GCC_WARN_UNINITIALIZED_AUTOS = YES_AGGRESSIVE;
				GCC_WARN_UNUSED_FUNCTION = YES;
				GCC_WARN_UNUSED_VARIABLE = YES;
				IPHONEOS_DEPLOYMENT_TARGET = 14.4;
				MTL_ENABLE_DEBUG_INFO = INCLUDE_SOURCE;
				MTL_FAST_MATH = YES;
				ONLY_ACTIVE_ARCH = YES;
				SDKROOT = iphoneos;
				SWIFT_ACTIVE_COMPILATION_CONDITIONS = DEBUG;
				SWIFT_OPTIMIZATION_LEVEL = "-Onone";
			};
			name = Debug;
		};
		52E4DEAA25D30936003F5AF8 /* Release */ = {
			isa = XCBuildConfiguration;
			buildSettings = {
				ALWAYS_SEARCH_USER_PATHS = NO;
				CLANG_ANALYZER_NONNULL = YES;
				CLANG_ANALYZER_NUMBER_OBJECT_CONVERSION = YES_AGGRESSIVE;
				CLANG_CXX_LANGUAGE_STANDARD = "gnu++14";
				CLANG_CXX_LIBRARY = "libc++";
				CLANG_ENABLE_MODULES = YES;
				CLANG_ENABLE_OBJC_ARC = YES;
				CLANG_ENABLE_OBJC_WEAK = YES;
				CLANG_WARN_BLOCK_CAPTURE_AUTORELEASING = YES;
				CLANG_WARN_BOOL_CONVERSION = YES;
				CLANG_WARN_COMMA = YES;
				CLANG_WARN_CONSTANT_CONVERSION = YES;
				CLANG_WARN_DEPRECATED_OBJC_IMPLEMENTATIONS = YES;
				CLANG_WARN_DIRECT_OBJC_ISA_USAGE = YES_ERROR;
				CLANG_WARN_DOCUMENTATION_COMMENTS = YES;
				CLANG_WARN_EMPTY_BODY = YES;
				CLANG_WARN_ENUM_CONVERSION = YES;
				CLANG_WARN_INFINITE_RECURSION = YES;
				CLANG_WARN_INT_CONVERSION = YES;
				CLANG_WARN_NON_LITERAL_NULL_CONVERSION = YES;
				CLANG_WARN_OBJC_IMPLICIT_RETAIN_SELF = YES;
				CLANG_WARN_OBJC_LITERAL_CONVERSION = YES;
				CLANG_WARN_OBJC_ROOT_CLASS = YES_ERROR;
				CLANG_WARN_QUOTED_INCLUDE_IN_FRAMEWORK_HEADER = YES;
				CLANG_WARN_RANGE_LOOP_ANALYSIS = YES;
				CLANG_WARN_STRICT_PROTOTYPES = YES;
				CLANG_WARN_SUSPICIOUS_MOVE = YES;
				CLANG_WARN_UNGUARDED_AVAILABILITY = YES_AGGRESSIVE;
				CLANG_WARN_UNREACHABLE_CODE = YES;
				CLANG_WARN__DUPLICATE_METHOD_MATCH = YES;
				COPY_PHASE_STRIP = NO;
				DEBUG_INFORMATION_FORMAT = "dwarf-with-dsym";
				ENABLE_NS_ASSERTIONS = NO;
				ENABLE_STRICT_OBJC_MSGSEND = YES;
				GCC_C_LANGUAGE_STANDARD = gnu11;
				GCC_NO_COMMON_BLOCKS = YES;
				GCC_WARN_64_TO_32_BIT_CONVERSION = YES;
				GCC_WARN_ABOUT_RETURN_TYPE = YES_ERROR;
				GCC_WARN_UNDECLARED_SELECTOR = YES;
				GCC_WARN_UNINITIALIZED_AUTOS = YES_AGGRESSIVE;
				GCC_WARN_UNUSED_FUNCTION = YES;
				GCC_WARN_UNUSED_VARIABLE = YES;
				IPHONEOS_DEPLOYMENT_TARGET = 14.4;
				MTL_ENABLE_DEBUG_INFO = NO;
				MTL_FAST_MATH = YES;
				SDKROOT = iphoneos;
				SWIFT_COMPILATION_MODE = wholemodule;
				SWIFT_OPTIMIZATION_LEVEL = "-O";
				VALIDATE_PRODUCT = YES;
			};
			name = Release;
		};
		52E4DEAC25D30936003F5AF8 /* Debug */ = {
			isa = XCBuildConfiguration;
			buildSettings = {
				ASSETCATALOG_COMPILER_APPICON_NAME = AppIcon;
				ASSETCATALOG_COMPILER_GLOBAL_ACCENT_COLOR_NAME = AccentColor;
				CODE_SIGN_STYLE = Automatic;
				DEVELOPMENT_TEAM = F95SX6GW52;
				INFOPLIST_FILE = "Lab04-BookClub/Info.plist";
				LD_RUNPATH_SEARCH_PATHS = (
					"$(inherited)",
					"@executable_path/Frameworks",
				);
				PRODUCT_BUNDLE_IDENTIFIER = "edu.tric.it.Lab04-BookClub";
				PRODUCT_NAME = "$(TARGET_NAME)";
				SWIFT_VERSION = 5.0;
				TARGETED_DEVICE_FAMILY = "1,2";
			};
			name = Debug;
		};
		52E4DEAD25D30936003F5AF8 /* Release */ = {
			isa = XCBuildConfiguration;
			buildSettings = {
				ASSETCATALOG_COMPILER_APPICON_NAME = AppIcon;
				ASSETCATALOG_COMPILER_GLOBAL_ACCENT_COLOR_NAME = AccentColor;
				CODE_SIGN_STYLE = Automatic;
				DEVELOPMENT_TEAM = F95SX6GW52;
				INFOPLIST_FILE = "Lab04-BookClub/Info.plist";
				LD_RUNPATH_SEARCH_PATHS = (
					"$(inherited)",
					"@executable_path/Frameworks",
				);
				PRODUCT_BUNDLE_IDENTIFIER = "edu.tric.it.Lab04-BookClub";
				PRODUCT_NAME = "$(TARGET_NAME)";
				SWIFT_VERSION = 5.0;
				TARGETED_DEVICE_FAMILY = "1,2";
			};
			name = Release;
		};
		52E4DEAF25D30936003F5AF8 /* Debug */ = {
			isa = XCBuildConfiguration;
			buildSettings = {
				ALWAYS_EMBED_SWIFT_STANDARD_LIBRARIES = YES;
				BUNDLE_LOADER = "$(TEST_HOST)";
				CODE_SIGN_STYLE = Automatic;
				DEVELOPMENT_TEAM = F95SX6GW52;
				INFOPLIST_FILE = "Lab04-BookClubTests/Info.plist";
				IPHONEOS_DEPLOYMENT_TARGET = 14.4;
				LD_RUNPATH_SEARCH_PATHS = (
					"$(inherited)",
					"@executable_path/Frameworks",
					"@loader_path/Frameworks",
				);
				PRODUCT_BUNDLE_IDENTIFIER = "edu.tric.it.Lab04-BookClubTests";
				PRODUCT_NAME = "$(TARGET_NAME)";
				SWIFT_VERSION = 5.0;
				TARGETED_DEVICE_FAMILY = "1,2";
				TEST_HOST = "$(BUILT_PRODUCTS_DIR)/Lab04-BookClub.app/Lab04-BookClub";
			};
			name = Debug;
		};
		52E4DEB025D30936003F5AF8 /* Release */ = {
			isa = XCBuildConfiguration;
			buildSettings = {
				ALWAYS_EMBED_SWIFT_STANDARD_LIBRARIES = YES;
				BUNDLE_LOADER = "$(TEST_HOST)";
				CODE_SIGN_STYLE = Automatic;
				DEVELOPMENT_TEAM = F95SX6GW52;
				INFOPLIST_FILE = "Lab04-BookClubTests/Info.plist";
				IPHONEOS_DEPLOYMENT_TARGET = 14.4;
				LD_RUNPATH_SEARCH_PATHS = (
					"$(inherited)",
					"@executable_path/Frameworks",
					"@loader_path/Frameworks",
				);
				PRODUCT_BUNDLE_IDENTIFIER = "edu.tric.it.Lab04-BookClubTests";
				PRODUCT_NAME = "$(TARGET_NAME)";
				SWIFT_VERSION = 5.0;
				TARGETED_DEVICE_FAMILY = "1,2";
				TEST_HOST = "$(BUILT_PRODUCTS_DIR)/Lab04-BookClub.app/Lab04-BookClub";
			};
			name = Release;
		};
		52E4DEB225D30936003F5AF8 /* Debug */ = {
			isa = XCBuildConfiguration;
			buildSettings = {
				ALWAYS_EMBED_SWIFT_STANDARD_LIBRARIES = YES;
				CODE_SIGN_STYLE = Automatic;
				DEVELOPMENT_TEAM = F95SX6GW52;
				INFOPLIST_FILE = "Lab04-BookClubUITests/Info.plist";
				LD_RUNPATH_SEARCH_PATHS = (
					"$(inherited)",
					"@executable_path/Frameworks",
					"@loader_path/Frameworks",
				);
				PRODUCT_BUNDLE_IDENTIFIER = "edu.tric.it.Lab04-BookClubUITests";
				PRODUCT_NAME = "$(TARGET_NAME)";
				SWIFT_VERSION = 5.0;
				TARGETED_DEVICE_FAMILY = "1,2";
				TEST_TARGET_NAME = "Lab04-BookClub";
			};
			name = Debug;
		};
		52E4DEB325D30936003F5AF8 /* Release */ = {
			isa = XCBuildConfiguration;
			buildSettings = {
				ALWAYS_EMBED_SWIFT_STANDARD_LIBRARIES = YES;
				CODE_SIGN_STYLE = Automatic;
				DEVELOPMENT_TEAM = F95SX6GW52;
				INFOPLIST_FILE = "Lab04-BookClubUITests/Info.plist";
				LD_RUNPATH_SEARCH_PATHS = (
					"$(inherited)",
					"@executable_path/Frameworks",
					"@loader_path/Frameworks",
				);
				PRODUCT_BUNDLE_IDENTIFIER = "edu.tric.it.Lab04-BookClubUITests";
				PRODUCT_NAME = "$(TARGET_NAME)";
				SWIFT_VERSION = 5.0;
				TARGETED_DEVICE_FAMILY = "1,2";
				TEST_TARGET_NAME = "Lab04-BookClub";
			};
			name = Release;
		};
/* End XCBuildConfiguration section */

/* Begin XCConfigurationList section */
		52E4DE7C25D30934003F5AF8 /* Build configuration list for PBXProject "Lab04-BookClub" */ = {
			isa = XCConfigurationList;
			buildConfigurations = (
				52E4DEA925D30936003F5AF8 /* Debug */,
				52E4DEAA25D30936003F5AF8 /* Release */,
			);
			defaultConfigurationIsVisible = 0;
			defaultConfigurationName = Release;
		};
		52E4DEAB25D30936003F5AF8 /* Build configuration list for PBXNativeTarget "Lab04-BookClub" */ = {
			isa = XCConfigurationList;
			buildConfigurations = (
				52E4DEAC25D30936003F5AF8 /* Debug */,
				52E4DEAD25D30936003F5AF8 /* Release */,
			);
			defaultConfigurationIsVisible = 0;
			defaultConfigurationName = Release;
		};
		52E4DEAE25D30936003F5AF8 /* Build configuration list for PBXNativeTarget "Lab04-BookClubTests" */ = {
			isa = XCConfigurationList;
			buildConfigurations = (
				52E4DEAF25D30936003F5AF8 /* Debug */,
				52E4DEB025D30936003F5AF8 /* Release */,
			);
			defaultConfigurationIsVisible = 0;
			defaultConfigurationName = Release;
		};
		52E4DEB125D30936003F5AF8 /* Build configuration list for PBXNativeTarget "Lab04-BookClubUITests" */ = {
			isa = XCConfigurationList;
			buildConfigurations = (
				52E4DEB225D30936003F5AF8 /* Debug */,
				52E4DEB325D30936003F5AF8 /* Release */,
			);
			defaultConfigurationIsVisible = 0;
			defaultConfigurationName = Release;
		};
/* End XCConfigurationList section */
	};
	rootObject = 52E4DE7925D30934003F5AF8 /* Project object */;
}
