// !$*UTF8*$!
{
	archiveVersion = 1;
	classes = {
	};
	objectVersion = 50;
	objects = {

/* Begin PBXBuildFile section */
		52F4B99925B79E07004301D3 /* AppDelegate.swift in Sources */ = {isa = PBXBuildFile; fileRef = 52F4B99825B79E07004301D3 /* AppDelegate.swift */; };
		52F4B99B25B79E07004301D3 /* SceneDelegate.swift in Sources */ = {isa = PBXBuildFile; fileRef = 52F4B99A25B79E07004301D3 /* SceneDelegate.swift */; };
		52F4B99D25B79E07004301D3 /* ViewController.swift in Sources */ = {isa = PBXBuildFile; fileRef = 52F4B99C25B79E07004301D3 /* ViewController.swift */; };
		52F4B9A025B79E07004301D3 /* Main.storyboard in Resources */ = {isa = PBXBuildFile; fileRef = 52F4B99E25B79E07004301D3 /* Main.storyboard */; };
		52F4B9A225B79E23004301D3 /* Assets.xcassets in Resources */ = {isa = PBXBuildFile; fileRef = 52F4B9A125B79E23004301D3 /* Assets.xcassets */; };
		52F4B9A525B79E24004301D3 /* LaunchScreen.storyboard in Resources */ = {isa = PBXBuildFile; fileRef = 52F4B9A325B79E24004301D3 /* LaunchScreen.storyboard */; };
		52F4B9B025B79E25004301D3 /* Lab01_AJokeTests.swift in Sources */ = {isa = PBXBuildFile; fileRef = 52F4B9AF25B79E25004301D3 /* Lab01_AJokeTests.swift */; };
		52F4B9BB25B79E25004301D3 /* Lab01_AJokeUITests.swift in Sources */ = {isa = PBXBuildFile; fileRef = 52F4B9BA25B79E25004301D3 /* Lab01_AJokeUITests.swift */; };
/* End PBXBuildFile section */

/* Begin PBXContainerItemProxy section */
		52F4B9AC25B79E25004301D3 /* PBXContainerItemProxy */ = {
			isa = PBXContainerItemProxy;
			containerPortal = 52F4B98D25B79E05004301D3 /* Project object */;
			proxyType = 1;
			remoteGlobalIDString = 52F4B99425B79E06004301D3;
			remoteInfo = "Lab01-AJoke";
		};
		52F4B9B725B79E25004301D3 /* PBXContainerItemProxy */ = {
			isa = PBXContainerItemProxy;
			containerPortal = 52F4B98D25B79E05004301D3 /* Project object */;
			proxyType = 1;
			remoteGlobalIDString = 52F4B99425B79E06004301D3;
			remoteInfo = "Lab01-AJoke";
		};
/* End PBXContainerItemProxy section */

/* Begin PBXFileReference section */
		52F4B99525B79E07004301D3 /* Lab01-AJoke.app */ = {isa = PBXFileReference; explicitFileType = wrapper.application; includeInIndex = 0; path = "Lab01-AJoke.app"; sourceTree = BUILT_PRODUCTS_DIR; };
		52F4B99825B79E07004301D3 /* AppDelegate.swift */ = {isa = PBXFileReference; lastKnownFileType = sourcecode.swift; path = AppDelegate.swift; sourceTree = "<group>"; };
		52F4B99A25B79E07004301D3 /* SceneDelegate.swift */ = {isa = PBXFileReference; lastKnownFileType = sourcecode.swift; path = SceneDelegate.swift; sourceTree = "<group>"; };
		52F4B99C25B79E07004301D3 /* ViewController.swift */ = {isa = PBXFileReference; lastKnownFileType = sourcecode.swift; path = ViewController.swift; sourceTree = "<group>"; };
		52F4B99F25B79E07004301D3 /* Base */ = {isa = PBXFileReference; lastKnownFileType = file.storyboard; name = Base; path = Base.lproj/Main.storyboard; sourceTree = "<group>"; };
		52F4B9A125B79E23004301D3 /* Assets.xcassets */ = {isa = PBXFileReference; lastKnownFileType = folder.assetcatalog; path = Assets.xcassets; sourceTree = "<group>"; };
		52F4B9A425B79E24004301D3 /* Base */ = {isa = PBXFileReference; lastKnownFileType = file.storyboard; name = Base; path = Base.lproj/LaunchScreen.storyboard; sourceTree = "<group>"; };
		52F4B9A625B79E24004301D3 /* Info.plist */ = {isa = PBXFileReference; lastKnownFileType = text.plist.xml; path = Info.plist; sourceTree = "<group>"; };
		52F4B9AB25B79E25004301D3 /* Lab01-AJokeTests.xctest */ = {isa = PBXFileReference; explicitFileType = wrapper.cfbundle; includeInIndex = 0; path = "Lab01-AJokeTests.xctest"; sourceTree = BUILT_PRODUCTS_DIR; };
		52F4B9AF25B79E25004301D3 /* Lab01_AJokeTests.swift */ = {isa = PBXFileReference; lastKnownFileType = sourcecode.swift; path = Lab01_AJokeTests.swift; sourceTree = "<group>"; };
		52F4B9B125B79E25004301D3 /* Info.plist */ = {isa = PBXFileReference; lastKnownFileType = text.plist.xml; path = Info.plist; sourceTree = "<group>"; };
		52F4B9B625B79E25004301D3 /* Lab01-AJokeUITests.xctest */ = {isa = PBXFileReference; explicitFileType = wrapper.cfbundle; includeInIndex = 0; path = "Lab01-AJokeUITests.xctest"; sourceTree = BUILT_PRODUCTS_DIR; };
		52F4B9BA25B79E25004301D3 /* Lab01_AJokeUITests.swift */ = {isa = PBXFileReference; lastKnownFileType = sourcecode.swift; path = Lab01_AJokeUITests.swift; sourceTree = "<group>"; };
		52F4B9BC25B79E25004301D3 /* Info.plist */ = {isa = PBXFileReference; lastKnownFileType = text.plist.xml; path = Info.plist; sourceTree = "<group>"; };
/* End PBXFileReference section */

/* Begin PBXFrameworksBuildPhase section */
		52F4B99225B79E06004301D3 /* Frameworks */ = {
			isa = PBXFrameworksBuildPhase;
			buildActionMask = 2147483647;
			files = (
			);
			runOnlyForDeploymentPostprocessing = 0;
		};
		52F4B9A825B79E25004301D3 /* Frameworks */ = {
			isa = PBXFrameworksBuildPhase;
			buildActionMask = 2147483647;
			files = (
			);
			runOnlyForDeploymentPostprocessing = 0;
		};
		52F4B9B325B79E25004301D3 /* Frameworks */ = {
			isa = PBXFrameworksBuildPhase;
			buildActionMask = 2147483647;
			files = (
			);
			runOnlyForDeploymentPostprocessing = 0;
		};
/* End PBXFrameworksBuildPhase section */

/* Begin PBXGroup section */
		52F4B98C25B79E05004301D3 = {
			isa = PBXGroup;
			children = (
				52F4B99725B79E07004301D3 /* Lab01-AJoke */,
				52F4B9AE25B79E25004301D3 /* Lab01-AJokeTests */,
				52F4B9B925B79E25004301D3 /* Lab01-AJokeUITests */,
				52F4B99625B79E07004301D3 /* Products */,
			);
			sourceTree = "<group>";
		};
		52F4B99625B79E07004301D3 /* Products */ = {
			isa = PBXGroup;
			children = (
				52F4B99525B79E07004301D3 /* Lab01-AJoke.app */,
				52F4B9AB25B79E25004301D3 /* Lab01-AJokeTests.xctest */,
				52F4B9B625B79E25004301D3 /* Lab01-AJokeUITests.xctest */,
			);
			name = Products;
			sourceTree = "<group>";
		};
		52F4B99725B79E07004301D3 /* Lab01-AJoke */ = {
			isa = PBXGroup;
			children = (
				52F4B99825B79E07004301D3 /* AppDelegate.swift */,
				52F4B99A25B79E07004301D3 /* SceneDelegate.swift */,
				52F4B99C25B79E07004301D3 /* ViewController.swift */,
				52F4B99E25B79E07004301D3 /* Main.storyboard */,
				52F4B9A125B79E23004301D3 /* Assets.xcassets */,
				52F4B9A325B79E24004301D3 /* LaunchScreen.storyboard */,
				52F4B9A625B79E24004301D3 /* Info.plist */,
			);
			path = "Lab01-AJoke";
			sourceTree = "<group>";
		};
		52F4B9AE25B79E25004301D3 /* Lab01-AJokeTests */ = {
			isa = PBXGroup;
			children = (
				52F4B9AF25B79E25004301D3 /* Lab01_AJokeTests.swift */,
				52F4B9B125B79E25004301D3 /* Info.plist */,
			);
			path = "Lab01-AJokeTests";
			sourceTree = "<group>";
		};
		52F4B9B925B79E25004301D3 /* Lab01-AJokeUITests */ = {
			isa = PBXGroup;
			children = (
				52F4B9BA25B79E25004301D3 /* Lab01_AJokeUITests.swift */,
				52F4B9BC25B79E25004301D3 /* Info.plist */,
			);
			path = "Lab01-AJokeUITests";
			sourceTree = "<group>";
		};
/* End PBXGroup section */

/* Begin PBXNativeTarget section */
		52F4B99425B79E06004301D3 /* Lab01-AJoke */ = {
			isa = PBXNativeTarget;
			buildConfigurationList = 52F4B9BF25B79E25004301D3 /* Build configuration list for PBXNativeTarget "Lab01-AJoke" */;
			buildPhases = (
				52F4B99125B79E06004301D3 /* Sources */,
				52F4B99225B79E06004301D3 /* Frameworks */,
				52F4B99325B79E06004301D3 /* Resources */,
			);
			buildRules = (
			);
			dependencies = (
			);
			name = "Lab01-AJoke";
			productName = "Lab01-AJoke";
			productReference = 52F4B99525B79E07004301D3 /* Lab01-AJoke.app */;
			productType = "com.apple.product-type.application";
		};
		52F4B9AA25B79E25004301D3 /* Lab01-AJokeTests */ = {
			isa = PBXNativeTarget;
			buildConfigurationList = 52F4B9C225B79E25004301D3 /* Build configuration list for PBXNativeTarget "Lab01-AJokeTests" */;
			buildPhases = (
				52F4B9A725B79E25004301D3 /* Sources */,
				52F4B9A825B79E25004301D3 /* Frameworks */,
				52F4B9A925B79E25004301D3 /* Resources */,
			);
			buildRules = (
			);
			dependencies = (
				52F4B9AD25B79E25004301D3 /* PBXTargetDependency */,
			);
			name = "Lab01-AJokeTests";
			productName = "Lab01-AJokeTests";
			productReference = 52F4B9AB25B79E25004301D3 /* Lab01-AJokeTests.xctest */;
			productType = "com.apple.product-type.bundle.unit-test";
		};
		52F4B9B525B79E25004301D3 /* Lab01-AJokeUITests */ = {
			isa = PBXNativeTarget;
			buildConfigurationList = 52F4B9C525B79E25004301D3 /* Build configuration list for PBXNativeTarget "Lab01-AJokeUITests" */;
			buildPhases = (
				52F4B9B225B79E25004301D3 /* Sources */,
				52F4B9B325B79E25004301D3 /* Frameworks */,
				52F4B9B425B79E25004301D3 /* Resources */,
			);
			buildRules = (
			);
			dependencies = (
				52F4B9B825B79E25004301D3 /* PBXTargetDependency */,
			);
			name = "Lab01-AJokeUITests";
			productName = "Lab01-AJokeUITests";
			productReference = 52F4B9B625B79E25004301D3 /* Lab01-AJokeUITests.xctest */;
			productType = "com.apple.product-type.bundle.ui-testing";
		};
/* End PBXNativeTarget section */

/* Begin PBXProject section */
		52F4B98D25B79E05004301D3 /* Project object */ = {
			isa = PBXProject;
			attributes = {
				LastSwiftUpdateCheck = 1230;
				LastUpgradeCheck = 1230;
				TargetAttributes = {
					52F4B99425B79E06004301D3 = {
						CreatedOnToolsVersion = 12.3;
					};
					52F4B9AA25B79E25004301D3 = {
						CreatedOnToolsVersion = 12.3;
						TestTargetID = 52F4B99425B79E06004301D3;
					};
					52F4B9B525B79E25004301D3 = {
						CreatedOnToolsVersion = 12.3;
						TestTargetID = 52F4B99425B79E06004301D3;
					};
				};
			};
			buildConfigurationList = 52F4B99025B79E05004301D3 /* Build configuration list for PBXProject "Lab01-AJoke" */;
			compatibilityVersion = "Xcode 9.3";
			developmentRegion = en;
			hasScannedForEncodings = 0;
			knownRegions = (
				en,
				Base,
			);
			mainGroup = 52F4B98C25B79E05004301D3;
			productRefGroup = 52F4B99625B79E07004301D3 /* Products */;
			projectDirPath = "";
			projectRoot = "";
			targets = (
				52F4B99425B79E06004301D3 /* Lab01-AJoke */,
				52F4B9AA25B79E25004301D3 /* Lab01-AJokeTests */,
				52F4B9B525B79E25004301D3 /* Lab01-AJokeUITests */,
			);
		};
/* End PBXProject section */

/* Begin PBXResourcesBuildPhase section */
		52F4B99325B79E06004301D3 /* Resources */ = {
			isa = PBXResourcesBuildPhase;
			buildActionMask = 2147483647;
			files = (
				52F4B9A525B79E24004301D3 /* LaunchScreen.storyboard in Resources */,
				52F4B9A225B79E23004301D3 /* Assets.xcassets in Resources */,
				52F4B9A025B79E07004301D3 /* Main.storyboard in Resources */,
			);
			runOnlyForDeploymentPostprocessing = 0;
		};
		52F4B9A925B79E25004301D3 /* Resources */ = {
			isa = PBXResourcesBuildPhase;
			buildActionMask = 2147483647;
			files = (
			);
			runOnlyForDeploymentPostprocessing = 0;
		};
		52F4B9B425B79E25004301D3 /* Resources */ = {
			isa = PBXResourcesBuildPhase;
			buildActionMask = 2147483647;
			files = (
			);
			runOnlyForDeploymentPostprocessing = 0;
		};
/* End PBXResourcesBuildPhase section */

/* Begin PBXSourcesBuildPhase section */
		52F4B99125B79E06004301D3 /* Sources */ = {
			isa = PBXSourcesBuildPhase;
			buildActionMask = 2147483647;
			files = (
				52F4B99D25B79E07004301D3 /* ViewController.swift in Sources */,
				52F4B99925B79E07004301D3 /* AppDelegate.swift in Sources */,
				52F4B99B25B79E07004301D3 /* SceneDelegate.swift in Sources */,
			);
			runOnlyForDeploymentPostprocessing = 0;
		};
		52F4B9A725B79E25004301D3 /* Sources */ = {
			isa = PBXSourcesBuildPhase;
			buildActionMask = 2147483647;
			files = (
				52F4B9B025B79E25004301D3 /* Lab01_AJokeTests.swift in Sources */,
			);
			runOnlyForDeploymentPostprocessing = 0;
		};
		52F4B9B225B79E25004301D3 /* Sources */ = {
			isa = PBXSourcesBuildPhase;
			buildActionMask = 2147483647;
			files = (
				52F4B9BB25B79E25004301D3 /* Lab01_AJokeUITests.swift in Sources */,
			);
			runOnlyForDeploymentPostprocessing = 0;
		};
/* End PBXSourcesBuildPhase section */

/* Begin PBXTargetDependency section */
		52F4B9AD25B79E25004301D3 /* PBXTargetDependency */ = {
			isa = PBXTargetDependency;
			target = 52F4B99425B79E06004301D3 /* Lab01-AJoke */;
			targetProxy = 52F4B9AC25B79E25004301D3 /* PBXContainerItemProxy */;
		};
		52F4B9B825B79E25004301D3 /* PBXTargetDependency */ = {
			isa = PBXTargetDependency;
			target = 52F4B99425B79E06004301D3 /* Lab01-AJoke */;
			targetProxy = 52F4B9B725B79E25004301D3 /* PBXContainerItemProxy */;
		};
/* End PBXTargetDependency section */

/* Begin PBXVariantGroup section */
		52F4B99E25B79E07004301D3 /* Main.storyboard */ = {
			isa = PBXVariantGroup;
			children = (
				52F4B99F25B79E07004301D3 /* Base */,
			);
			name = Main.storyboard;
			sourceTree = "<group>";
		};
		52F4B9A325B79E24004301D3 /* LaunchScreen.storyboard */ = {
			isa = PBXVariantGroup;
			children = (
				52F4B9A425B79E24004301D3 /* Base */,
			);
			name = LaunchScreen.storyboard;
			sourceTree = "<group>";
		};
/* End PBXVariantGroup section */

/* Begin XCBuildConfiguration section */
		52F4B9BD25B79E25004301D3 /* Debug */ = {
			isa = XCBuildConfiguration;
			buildSettings = {
				ALWAYS_SEARCH_USER_PATHS = NO;
				CLANG_ANALYZER_NONNULL = YES;
				CLANG_ANALYZER_NUMBER_OBJECT_CONVERSION = YES_AGGRESSIVE;
				CLANG_CXX_LANGUAGE_STANDARD = "gnu++14";
				CLANG_CXX_LIBRARY = "libc++";
				CLANG_ENABLE_MODULES = YES;
				CLANG_ENABLE_OBJC_ARC = YES;
				CLANG_ENABLE_OBJC_WEAK = YES;
				CLANG_WARN_BLOCK_CAPTURE_AUTORELEASING = YES;
				CLANG_WARN_BOOL_CONVERSION = YES;
				CLANG_WARN_COMMA = YES;
				CLANG_WARN_CONSTANT_CONVERSION = YES;
				CLANG_WARN_DEPRECATED_OBJC_IMPLEMENTATIONS = YES;
				CLANG_WARN_DIRECT_OBJC_ISA_USAGE = YES_ERROR;
				CLANG_WARN_DOCUMENTATION_COMMENTS = YES;
				CLANG_WARN_EMPTY_BODY = YES;
				CLANG_WARN_ENUM_CONVERSION = YES;
				CLANG_WARN_INFINITE_RECURSION = YES;
				CLANG_WARN_INT_CONVERSION = YES;
				CLANG_WARN_NON_LITERAL_NULL_CONVERSION = YES;
				CLANG_WARN_OBJC_IMPLICIT_RETAIN_SELF = YES;
				CLANG_WARN_OBJC_LITERAL_CONVERSION = YES;
				CLANG_WARN_OBJC_ROOT_CLASS = YES_ERROR;
				CLANG_WARN_QUOTED_INCLUDE_IN_FRAMEWORK_HEADER = YES;
				CLANG_WARN_RANGE_LOOP_ANALYSIS = YES;
				CLANG_WARN_STRICT_PROTOTYPES = YES;
				CLANG_WARN_SUSPICIOUS_MOVE = YES;
				CLANG_WARN_UNGUARDED_AVAILABILITY = YES_AGGRESSIVE;
				CLANG_WARN_UNREACHABLE_CODE = YES;
				CLANG_WARN__DUPLICATE_METHOD_MATCH = YES;
				COPY_PHASE_STRIP = NO;
				DEBUG_INFORMATION_FORMAT = dwarf;
				ENABLE_STRICT_OBJC_MSGSEND = YES;
				ENABLE_TESTABILITY = YES;
				GCC_C_LANGUAGE_STANDARD = gnu11;
				GCC_DYNAMIC_NO_PIC = NO;
				GCC_NO_COMMON_BLOCKS = YES;
				GCC_OPTIMIZATION_LEVEL = 0;
				GCC_PREPROCESSOR_DEFINITIONS = (
					"DEBUG=1",
					"$(inherited)",
				);
				GCC_WARN_64_TO_32_BIT_CONVERSION = YES;
				GCC_WARN_ABOUT_RETURN_TYPE = YES_ERROR;
				GCC_WARN_UNDECLARED_SELECTOR = YES;
				GCC_WARN_UNINITIALIZED_AUTOS = YES_AGGRESSIVE;
				GCC_WARN_UNUSED_FUNCTION = YES;
				GCC_WARN_UNUSED_VARIABLE = YES;
				IPHONEOS_DEPLOYMENT_TARGET = 14.3;
				MTL_ENABLE_DEBUG_INFO = INCLUDE_SOURCE;
				MTL_FAST_MATH = YES;
				ONLY_ACTIVE_ARCH = YES;
				SDKROOT = iphoneos;
				SWIFT_ACTIVE_COMPILATION_CONDITIONS = DEBUG;
				SWIFT_OPTIMIZATION_LEVEL = "-Onone";
			};
			name = Debug;
		};
		52F4B9BE25B79E25004301D3 /* Release */ = {
			isa = XCBuildConfiguration;
			buildSettings = {
				ALWAYS_SEARCH_USER_PATHS = NO;
				CLANG_ANALYZER_NONNULL = YES;
				CLANG_ANALYZER_NUMBER_OBJECT_CONVERSION = YES_AGGRESSIVE;
				CLANG_CXX_LANGUAGE_STANDARD = "gnu++14";
				CLANG_CXX_LIBRARY = "libc++";
				CLANG_ENABLE_MODULES = YES;
				CLANG_ENABLE_OBJC_ARC = YES;
				CLANG_ENABLE_OBJC_WEAK = YES;
				CLANG_WARN_BLOCK_CAPTURE_AUTORELEASING = YES;
				CLANG_WARN_BOOL_CONVERSION = YES;
				CLANG_WARN_COMMA = YES;
				CLANG_WARN_CONSTANT_CONVERSION = YES;
				CLANG_WARN_DEPRECATED_OBJC_IMPLEMENTATIONS = YES;
				CLANG_WARN_DIRECT_OBJC_ISA_USAGE = YES_ERROR;
				CLANG_WARN_DOCUMENTATION_COMMENTS = YES;
				CLANG_WARN_EMPTY_BODY = YES;
				CLANG_WARN_ENUM_CONVERSION = YES;
				CLANG_WARN_INFINITE_RECURSION = YES;
				CLANG_WARN_INT_CONVERSION = YES;
				CLANG_WARN_NON_LITERAL_NULL_CONVERSION = YES;
				CLANG_WARN_OBJC_IMPLICIT_RETAIN_SELF = YES;
				CLANG_WARN_OBJC_LITERAL_CONVERSION = YES;
				CLANG_WARN_OBJC_ROOT_CLASS = YES_ERROR;
				CLANG_WARN_QUOTED_INCLUDE_IN_FRAMEWORK_HEADER = YES;
				CLANG_WARN_RANGE_LOOP_ANALYSIS = YES;
				CLANG_WARN_STRICT_PROTOTYPES = YES;
				CLANG_WARN_SUSPICIOUS_MOVE = YES;
				CLANG_WARN_UNGUARDED_AVAILABILITY = YES_AGGRESSIVE;
				CLANG_WARN_UNREACHABLE_CODE = YES;
				CLANG_WARN__DUPLICATE_METHOD_MATCH = YES;
				COPY_PHASE_STRIP = NO;
				DEBUG_INFORMATION_FORMAT = "dwarf-with-dsym";
				ENABLE_NS_ASSERTIONS = NO;
				ENABLE_STRICT_OBJC_MSGSEND = YES;
				GCC_C_LANGUAGE_STANDARD = gnu11;
				GCC_NO_COMMON_BLOCKS = YES;
				GCC_WARN_64_TO_32_BIT_CONVERSION = YES;
				GCC_WARN_ABOUT_RETURN_TYPE = YES_ERROR;
				GCC_WARN_UNDECLARED_SELECTOR = YES;
				GCC_WARN_UNINITIALIZED_AUTOS = YES_AGGRESSIVE;
				GCC_WARN_UNUSED_FUNCTION = YES;
				GCC_WARN_UNUSED_VARIABLE = YES;
				IPHONEOS_DEPLOYMENT_TARGET = 14.3;
				MTL_ENABLE_DEBUG_INFO = NO;
				MTL_FAST_MATH = YES;
				SDKROOT = iphoneos;
				SWIFT_COMPILATION_MODE = wholemodule;
				SWIFT_OPTIMIZATION_LEVEL = "-O";
				VALIDATE_PRODUCT = YES;
			};
			name = Release;
		};
		52F4B9C025B79E25004301D3 /* Debug */ = {
			isa = XCBuildConfiguration;
			buildSettings = {
				ASSETCATALOG_COMPILER_APPICON_NAME = AppIcon;
				ASSETCATALOG_COMPILER_GLOBAL_ACCENT_COLOR_NAME = AccentColor;
				CODE_SIGN_STYLE = Automatic;
				INFOPLIST_FILE = "Lab01-AJoke/Info.plist";
				LD_RUNPATH_SEARCH_PATHS = (
					"$(inherited)",
					"@executable_path/Frameworks",
				);
				PRODUCT_BUNDLE_IDENTIFIER = "edu.tric.it.Lab01-AJoke";
				PRODUCT_NAME = "$(TARGET_NAME)";
				SWIFT_VERSION = 5.0;
				TARGETED_DEVICE_FAMILY = "1,2";
			};
			name = Debug;
		};
		52F4B9C125B79E25004301D3 /* Release */ = {
			isa = XCBuildConfiguration;
			buildSettings = {
				ASSETCATALOG_COMPILER_APPICON_NAME = AppIcon;
				ASSETCATALOG_COMPILER_GLOBAL_ACCENT_COLOR_NAME = AccentColor;
				CODE_SIGN_STYLE = Automatic;
				INFOPLIST_FILE = "Lab01-AJoke/Info.plist";
				LD_RUNPATH_SEARCH_PATHS = (
					"$(inherited)",
					"@executable_path/Frameworks",
				);
				PRODUCT_BUNDLE_IDENTIFIER = "edu.tric.it.Lab01-AJoke";
				PRODUCT_NAME = "$(TARGET_NAME)";
				SWIFT_VERSION = 5.0;
				TARGETED_DEVICE_FAMILY = "1,2";
			};
			name = Release;
		};
		52F4B9C325B79E25004301D3 /* Debug */ = {
			isa = XCBuildConfiguration;
			buildSettings = {
				ALWAYS_EMBED_SWIFT_STANDARD_LIBRARIES = YES;
				BUNDLE_LOADER = "$(TEST_HOST)";
				CODE_SIGN_STYLE = Automatic;
				INFOPLIST_FILE = "Lab01-AJokeTests/Info.plist";
				IPHONEOS_DEPLOYMENT_TARGET = 14.3;
				LD_RUNPATH_SEARCH_PATHS = (
					"$(inherited)",
					"@executable_path/Frameworks",
					"@loader_path/Frameworks",
				);
				PRODUCT_BUNDLE_IDENTIFIER = "edu.tric.it.Lab01-AJokeTests";
				PRODUCT_NAME = "$(TARGET_NAME)";
				SWIFT_VERSION = 5.0;
				TARGETED_DEVICE_FAMILY = "1,2";
				TEST_HOST = "$(BUILT_PRODUCTS_DIR)/Lab01-AJoke.app/Lab01-AJoke";
			};
			name = Debug;
		};
		52F4B9C425B79E25004301D3 /* Release */ = {
			isa = XCBuildConfiguration;
			buildSettings = {
				ALWAYS_EMBED_SWIFT_STANDARD_LIBRARIES = YES;
				BUNDLE_LOADER = "$(TEST_HOST)";
				CODE_SIGN_STYLE = Automatic;
				INFOPLIST_FILE = "Lab01-AJokeTests/Info.plist";
				IPHONEOS_DEPLOYMENT_TARGET = 14.3;
				LD_RUNPATH_SEARCH_PATHS = (
					"$(inherited)",
					"@executable_path/Frameworks",
					"@loader_path/Frameworks",
				);
				PRODUCT_BUNDLE_IDENTIFIER = "edu.tric.it.Lab01-AJokeTests";
				PRODUCT_NAME = "$(TARGET_NAME)";
				SWIFT_VERSION = 5.0;
				TARGETED_DEVICE_FAMILY = "1,2";
				TEST_HOST = "$(BUILT_PRODUCTS_DIR)/Lab01-AJoke.app/Lab01-AJoke";
			};
			name = Release;
		};
		52F4B9C625B79E25004301D3 /* Debug */ = {
			isa = XCBuildConfiguration;
			buildSettings = {
				ALWAYS_EMBED_SWIFT_STANDARD_LIBRARIES = YES;
				CODE_SIGN_STYLE = Automatic;
				INFOPLIST_FILE = "Lab01-AJokeUITests/Info.plist";
				LD_RUNPATH_SEARCH_PATHS = (
					"$(inherited)",
					"@executable_path/Frameworks",
					"@loader_path/Frameworks",
				);
				PRODUCT_BUNDLE_IDENTIFIER = "edu.tric.it.Lab01-AJokeUITests";
				PRODUCT_NAME = "$(TARGET_NAME)";
				SWIFT_VERSION = 5.0;
				TARGETED_DEVICE_FAMILY = "1,2";
				TEST_TARGET_NAME = "Lab01-AJoke";
			};
			name = Debug;
		};
		52F4B9C725B79E25004301D3 /* Release */ = {
			isa = XCBuildConfiguration;
			buildSettings = {
				ALWAYS_EMBED_SWIFT_STANDARD_LIBRARIES = YES;
				CODE_SIGN_STYLE = Automatic;
				INFOPLIST_FILE = "Lab01-AJokeUITests/Info.plist";
				LD_RUNPATH_SEARCH_PATHS = (
					"$(inherited)",
					"@executable_path/Frameworks",
					"@loader_path/Frameworks",
				);
				PRODUCT_BUNDLE_IDENTIFIER = "edu.tric.it.Lab01-AJokeUITests";
				PRODUCT_NAME = "$(TARGET_NAME)";
				SWIFT_VERSION = 5.0;
				TARGETED_DEVICE_FAMILY = "1,2";
				TEST_TARGET_NAME = "Lab01-AJoke";
			};
			name = Release;
		};
/* End XCBuildConfiguration section */

/* Begin XCConfigurationList section */
		52F4B99025B79E05004301D3 /* Build configuration list for PBXProject "Lab01-AJoke" */ = {
			isa = XCConfigurationList;
			buildConfigurations = (
				52F4B9BD25B79E25004301D3 /* Debug */,
				52F4B9BE25B79E25004301D3 /* Release */,
			);
			defaultConfigurationIsVisible = 0;
			defaultConfigurationName = Release;
		};
		52F4B9BF25B79E25004301D3 /* Build configuration list for PBXNativeTarget "Lab01-AJoke" */ = {
			isa = XCConfigurationList;
			buildConfigurations = (
				52F4B9C025B79E25004301D3 /* Debug */,
				52F4B9C125B79E25004301D3 /* Release */,
			);
			defaultConfigurationIsVisible = 0;
			defaultConfigurationName = Release;
		};
		52F4B9C225B79E25004301D3 /* Build configuration list for PBXNativeTarget "Lab01-AJokeTests" */ = {
			isa = XCConfigurationList;
			buildConfigurations = (
				52F4B9C325B79E25004301D3 /* Debug */,
				52F4B9C425B79E25004301D3 /* Release */,
			);
			defaultConfigurationIsVisible = 0;
			defaultConfigurationName = Release;
		};
		52F4B9C525B79E25004301D3 /* Build configuration list for PBXNativeTarget "Lab01-AJokeUITests" */ = {
			isa = XCConfigurationList;
			buildConfigurations = (
				52F4B9C625B79E25004301D3 /* Debug */,
				52F4B9C725B79E25004301D3 /* Release */,
			);
			defaultConfigurationIsVisible = 0;
			defaultConfigurationName = Release;
		};
/* End XCConfigurationList section */
	};
	rootObject = 52F4B98D25B79E05004301D3 /* Project object */;
}
