// !$*UTF8*$!
{
	archiveVersion = 1;
	classes = {
	};
	objectVersion = 50;
	objects = {

/* Begin PBXBuildFile section */
		520CFA082634833100E3B848 /* Tests_iOS.swift in Sources */ = {isa = PBXBuildFile; fileRef = 520CFA072634833100E3B848 /* Tests_iOS.swift */; };
		520CFA132634833100E3B848 /* Tests_macOS.swift in Sources */ = {isa = PBXBuildFile; fileRef = 520CFA122634833100E3B848 /* Tests_macOS.swift */; };
		520CFA152634833100E3B848 /* SandwichesApp.swift in Sources */ = {isa = PBXBuildFile; fileRef = 520CF9EC2634833000E3B848 /* SandwichesApp.swift */; };
		520CFA162634833100E3B848 /* SandwichesApp.swift in Sources */ = {isa = PBXBuildFile; fileRef = 520CF9EC2634833000E3B848 /* SandwichesApp.swift */; };
		520CFA172634833100E3B848 /* ContentView.swift in Sources */ = {isa = PBXBuildFile; fileRef = 520CF9ED2634833000E3B848 /* ContentView.swift */; };
		520CFA182634833100E3B848 /* ContentView.swift in Sources */ = {isa = PBXBuildFile; fileRef = 520CF9ED2634833000E3B848 /* ContentView.swift */; };
		520CFA192634833100E3B848 /* Assets.xcassets in Resources */ = {isa = PBXBuildFile; fileRef = 520CF9EE2634833100E3B848 /* Assets.xcassets */; };
		520CFA1A2634833100E3B848 /* Assets.xcassets in Resources */ = {isa = PBXBuildFile; fileRef = 520CF9EE2634833100E3B848 /* Assets.xcassets */; };
/* End PBXBuildFile section */

/* Begin PBXContainerItemProxy section */
		520CFA042634833100E3B848 /* PBXContainerItemProxy */ = {
			isa = PBXContainerItemProxy;
			containerPortal = 520CF9E72634833000E3B848 /* Project object */;
			proxyType = 1;
			remoteGlobalIDString = 520CF9F22634833100E3B848;
			remoteInfo = "Lab14-SandwichesMulti (iOS)";
		};
		520CFA0F2634833100E3B848 /* PBXContainerItemProxy */ = {
			isa = PBXContainerItemProxy;
			containerPortal = 520CF9E72634833000E3B848 /* Project object */;
			proxyType = 1;
			remoteGlobalIDString = 520CF9FA2634833100E3B848;
			remoteInfo = "Lab14-SandwichesMulti (macOS)";
		};
/* End PBXContainerItemProxy section */

/* Begin PBXFileReference section */
		520CF9EC2634833000E3B848 /* SandwichesApp.swift */ = {isa = PBXFileReference; lastKnownFileType = sourcecode.swift; path = SandwichesApp.swift; sourceTree = "<group>"; };
		520CF9ED2634833000E3B848 /* ContentView.swift */ = {isa = PBXFileReference; lastKnownFileType = sourcecode.swift; path = ContentView.swift; sourceTree = "<group>"; };
		520CF9EE2634833100E3B848 /* Assets.xcassets */ = {isa = PBXFileReference; lastKnownFileType = folder.assetcatalog; path = Assets.xcassets; sourceTree = "<group>"; };
		520CF9F32634833100E3B848 /* Lab14-SandwichesMulti.app */ = {isa = PBXFileReference; explicitFileType = wrapper.application; includeInIndex = 0; path = "Lab14-SandwichesMulti.app"; sourceTree = BUILT_PRODUCTS_DIR; };
		520CF9F62634833100E3B848 /* Info.plist */ = {isa = PBXFileReference; lastKnownFileType = text.plist.xml; path = Info.plist; sourceTree = "<group>"; };
		520CF9FB2634833100E3B848 /* Lab14-SandwichesMulti.app */ = {isa = PBXFileReference; explicitFileType = wrapper.application; includeInIndex = 0; path = "Lab14-SandwichesMulti.app"; sourceTree = BUILT_PRODUCTS_DIR; };
		520CF9FD2634833100E3B848 /* Info.plist */ = {isa = PBXFileReference; lastKnownFileType = text.plist.xml; path = Info.plist; sourceTree = "<group>"; };
		520CF9FE2634833100E3B848 /* macOS.entitlements */ = {isa = PBXFileReference; lastKnownFileType = text.plist.entitlements; path = macOS.entitlements; sourceTree = "<group>"; };
		520CFA032634833100E3B848 /* Tests iOS.xctest */ = {isa = PBXFileReference; explicitFileType = wrapper.cfbundle; includeInIndex = 0; path = "Tests iOS.xctest"; sourceTree = BUILT_PRODUCTS_DIR; };
		520CFA072634833100E3B848 /* Tests_iOS.swift */ = {isa = PBXFileReference; lastKnownFileType = sourcecode.swift; path = Tests_iOS.swift; sourceTree = "<group>"; };
		520CFA092634833100E3B848 /* Info.plist */ = {isa = PBXFileReference; lastKnownFileType = text.plist.xml; path = Info.plist; sourceTree = "<group>"; };
		520CFA0E2634833100E3B848 /* Tests macOS.xctest */ = {isa = PBXFileReference; explicitFileType = wrapper.cfbundle; includeInIndex = 0; path = "Tests macOS.xctest"; sourceTree = BUILT_PRODUCTS_DIR; };
		520CFA122634833100E3B848 /* Tests_macOS.swift */ = {isa = PBXFileReference; lastKnownFileType = sourcecode.swift; path = Tests_macOS.swift; sourceTree = "<group>"; };
		520CFA142634833100E3B848 /* Info.plist */ = {isa = PBXFileReference; lastKnownFileType = text.plist.xml; path = Info.plist; sourceTree = "<group>"; };
/* End PBXFileReference section */

/* Begin PBXFrameworksBuildPhase section */
		520CF9F02634833100E3B848 /* Frameworks */ = {
			isa = PBXFrameworksBuildPhase;
			buildActionMask = 2147483647;
			files = (
			);
			runOnlyForDeploymentPostprocessing = 0;
		};
		520CF9F82634833100E3B848 /* Frameworks */ = {
			isa = PBXFrameworksBuildPhase;
			buildActionMask = 2147483647;
			files = (
			);
			runOnlyForDeploymentPostprocessing = 0;
		};
		520CFA002634833100E3B848 /* Frameworks */ = {
			isa = PBXFrameworksBuildPhase;
			buildActionMask = 2147483647;
			files = (
			);
			runOnlyForDeploymentPostprocessing = 0;
		};
		520CFA0B2634833100E3B848 /* Frameworks */ = {
			isa = PBXFrameworksBuildPhase;
			buildActionMask = 2147483647;
			files = (
			);
			runOnlyForDeploymentPostprocessing = 0;
		};
/* End PBXFrameworksBuildPhase section */

/* Begin PBXGroup section */
		520CF9E62634833000E3B848 = {
			isa = PBXGroup;
			children = (
				520CF9EB2634833000E3B848 /* Shared */,
				520CF9F52634833100E3B848 /* iOS */,
				520CF9FC2634833100E3B848 /* macOS */,
				520CFA062634833100E3B848 /* Tests iOS */,
				520CFA112634833100E3B848 /* Tests macOS */,
				520CF9F42634833100E3B848 /* Products */,
			);
			sourceTree = "<group>";
		};
		520CF9EB2634833000E3B848 /* Shared */ = {
			isa = PBXGroup;
			children = (
				520CF9EC2634833000E3B848 /* SandwichesApp.swift */,
				520CF9ED2634833000E3B848 /* ContentView.swift */,
				520CF9EE2634833100E3B848 /* Assets.xcassets */,
			);
			path = Shared;
			sourceTree = "<group>";
		};
		520CF9F42634833100E3B848 /* Products */ = {
			isa = PBXGroup;
			children = (
				520CF9F32634833100E3B848 /* Lab14-SandwichesMulti.app */,
				520CF9FB2634833100E3B848 /* Lab14-SandwichesMulti.app */,
				520CFA032634833100E3B848 /* Tests iOS.xctest */,
				520CFA0E2634833100E3B848 /* Tests macOS.xctest */,
			);
			name = Products;
			sourceTree = "<group>";
		};
		520CF9F52634833100E3B848 /* iOS */ = {
			isa = PBXGroup;
			children = (
				520CF9F62634833100E3B848 /* Info.plist */,
			);
			path = iOS;
			sourceTree = "<group>";
		};
		520CF9FC2634833100E3B848 /* macOS */ = {
			isa = PBXGroup;
			children = (
				520CF9FD2634833100E3B848 /* Info.plist */,
				520CF9FE2634833100E3B848 /* macOS.entitlements */,
			);
			path = macOS;
			sourceTree = "<group>";
		};
		520CFA062634833100E3B848 /* Tests iOS */ = {
			isa = PBXGroup;
			children = (
				520CFA072634833100E3B848 /* Tests_iOS.swift */,
				520CFA092634833100E3B848 /* Info.plist */,
			);
			path = "Tests iOS";
			sourceTree = "<group>";
		};
		520CFA112634833100E3B848 /* Tests macOS */ = {
			isa = PBXGroup;
			children = (
				520CFA122634833100E3B848 /* Tests_macOS.swift */,
				520CFA142634833100E3B848 /* Info.plist */,
			);
			path = "Tests macOS";
			sourceTree = "<group>";
		};
/* End PBXGroup section */

/* Begin PBXNativeTarget section */
		520CF9F22634833100E3B848 /* Lab14-SandwichesMulti (iOS) */ = {
			isa = PBXNativeTarget;
			buildConfigurationList = 520CFA1D2634833100E3B848 /* Build configuration list for PBXNativeTarget "Lab14-SandwichesMulti (iOS)" */;
			buildPhases = (
				520CF9EF2634833100E3B848 /* Sources */,
				520CF9F02634833100E3B848 /* Frameworks */,
				520CF9F12634833100E3B848 /* Resources */,
			);
			buildRules = (
			);
			dependencies = (
			);
			name = "Lab14-SandwichesMulti (iOS)";
			productName = "Lab14-SandwichesMulti (iOS)";
			productReference = 520CF9F32634833100E3B848 /* Lab14-SandwichesMulti.app */;
			productType = "com.apple.product-type.application";
		};
		520CF9FA2634833100E3B848 /* Lab14-SandwichesMulti (macOS) */ = {
			isa = PBXNativeTarget;
			buildConfigurationList = 520CFA202634833100E3B848 /* Build configuration list for PBXNativeTarget "Lab14-SandwichesMulti (macOS)" */;
			buildPhases = (
				520CF9F72634833100E3B848 /* Sources */,
				520CF9F82634833100E3B848 /* Frameworks */,
				520CF9F92634833100E3B848 /* Resources */,
			);
			buildRules = (
			);
			dependencies = (
			);
			name = "Lab14-SandwichesMulti (macOS)";
			productName = "Lab14-SandwichesMulti (macOS)";
			productReference = 520CF9FB2634833100E3B848 /* Lab14-SandwichesMulti.app */;
			productType = "com.apple.product-type.application";
		};
		520CFA022634833100E3B848 /* Tests iOS */ = {
			isa = PBXNativeTarget;
			buildConfigurationList = 520CFA232634833100E3B848 /* Build configuration list for PBXNativeTarget "Tests iOS" */;
			buildPhases = (
				520CF9FF2634833100E3B848 /* Sources */,
				520CFA002634833100E3B848 /* Frameworks */,
				520CFA012634833100E3B848 /* Resources */,
			);
			buildRules = (
			);
			dependencies = (
				520CFA052634833100E3B848 /* PBXTargetDependency */,
			);
			name = "Tests iOS";
			productName = "Tests iOS";
			productReference = 520CFA032634833100E3B848 /* Tests iOS.xctest */;
			productType = "com.apple.product-type.bundle.ui-testing";
		};
		520CFA0D2634833100E3B848 /* Tests macOS */ = {
			isa = PBXNativeTarget;
			buildConfigurationList = 520CFA262634833100E3B848 /* Build configuration list for PBXNativeTarget "Tests macOS" */;
			buildPhases = (
				520CFA0A2634833100E3B848 /* Sources */,
				520CFA0B2634833100E3B848 /* Frameworks */,
				520CFA0C2634833100E3B848 /* Resources */,
			);
			buildRules = (
			);
			dependencies = (
				520CFA102634833100E3B848 /* PBXTargetDependency */,
			);
			name = "Tests macOS";
			productName = "Tests macOS";
			productReference = 520CFA0E2634833100E3B848 /* Tests macOS.xctest */;
			productType = "com.apple.product-type.bundle.ui-testing";
		};
/* End PBXNativeTarget section */

/* Begin PBXProject section */
		520CF9E72634833000E3B848 /* Project object */ = {
			isa = PBXProject;
			attributes = {
				LastSwiftUpdateCheck = 1240;
				LastUpgradeCheck = 1240;
				TargetAttributes = {
					520CF9F22634833100E3B848 = {
						CreatedOnToolsVersion = 12.4;
					};
					520CF9FA2634833100E3B848 = {
						CreatedOnToolsVersion = 12.4;
					};
					520CFA022634833100E3B848 = {
						CreatedOnToolsVersion = 12.4;
						TestTargetID = 520CF9F22634833100E3B848;
					};
					520CFA0D2634833100E3B848 = {
						CreatedOnToolsVersion = 12.4;
						TestTargetID = 520CF9FA2634833100E3B848;
					};
				};
			};
			buildConfigurationList = 520CF9EA2634833000E3B848 /* Build configuration list for PBXProject "Lab14-SandwichesMulti" */;
			compatibilityVersion = "Xcode 9.3";
			developmentRegion = en;
			hasScannedForEncodings = 0;
			knownRegions = (
				en,
				Base,
			);
			mainGroup = 520CF9E62634833000E3B848;
			productRefGroup = 520CF9F42634833100E3B848 /* Products */;
			projectDirPath = "";
			projectRoot = "";
			targets = (
				520CF9F22634833100E3B848 /* Lab14-SandwichesMulti (iOS) */,
				520CF9FA2634833100E3B848 /* Lab14-SandwichesMulti (macOS) */,
				520CFA022634833100E3B848 /* Tests iOS */,
				520CFA0D2634833100E3B848 /* Tests macOS */,
			);
		};
/* End PBXProject section */

/* Begin PBXResourcesBuildPhase section */
		520CF9F12634833100E3B848 /* Resources */ = {
			isa = PBXResourcesBuildPhase;
			buildActionMask = 2147483647;
			files = (
				520CFA192634833100E3B848 /* Assets.xcassets in Resources */,
			);
			runOnlyForDeploymentPostprocessing = 0;
		};
		520CF9F92634833100E3B848 /* Resources */ = {
			isa = PBXResourcesBuildPhase;
			buildActionMask = 2147483647;
			files = (
				520CFA1A2634833100E3B848 /* Assets.xcassets in Resources */,
			);
			runOnlyForDeploymentPostprocessing = 0;
		};
		520CFA012634833100E3B848 /* Resources */ = {
			isa = PBXResourcesBuildPhase;
			buildActionMask = 2147483647;
			files = (
			);
			runOnlyForDeploymentPostprocessing = 0;
		};
		520CFA0C2634833100E3B848 /* Resources */ = {
			isa = PBXResourcesBuildPhase;
			buildActionMask = 2147483647;
			files = (
			);
			runOnlyForDeploymentPostprocessing = 0;
		};
/* End PBXResourcesBuildPhase section */

/* Begin PBXSourcesBuildPhase section */
		520CF9EF2634833100E3B848 /* Sources */ = {
			isa = PBXSourcesBuildPhase;
			buildActionMask = 2147483647;
			files = (
				520CFA172634833100E3B848 /* ContentView.swift in Sources */,
				520CFA152634833100E3B848 /* SandwichesApp.swift in Sources */,
			);
			runOnlyForDeploymentPostprocessing = 0;
		};
		520CF9F72634833100E3B848 /* Sources */ = {
			isa = PBXSourcesBuildPhase;
			buildActionMask = 2147483647;
			files = (
				520CFA182634833100E3B848 /* ContentView.swift in Sources */,
				520CFA162634833100E3B848 /* SandwichesApp.swift in Sources */,
			);
			runOnlyForDeploymentPostprocessing = 0;
		};
		520CF9FF2634833100E3B848 /* Sources */ = {
			isa = PBXSourcesBuildPhase;
			buildActionMask = 2147483647;
			files = (
				520CFA082634833100E3B848 /* Tests_iOS.swift in Sources */,
			);
			runOnlyForDeploymentPostprocessing = 0;
		};
		520CFA0A2634833100E3B848 /* Sources */ = {
			isa = PBXSourcesBuildPhase;
			buildActionMask = 2147483647;
			files = (
				520CFA132634833100E3B848 /* Tests_macOS.swift in Sources */,
			);
			runOnlyForDeploymentPostprocessing = 0;
		};
/* End PBXSourcesBuildPhase section */

/* Begin PBXTargetDependency section */
		520CFA052634833100E3B848 /* PBXTargetDependency */ = {
			isa = PBXTargetDependency;
			target = 520CF9F22634833100E3B848 /* Lab14-SandwichesMulti (iOS) */;
			targetProxy = 520CFA042634833100E3B848 /* PBXContainerItemProxy */;
		};
		520CFA102634833100E3B848 /* PBXTargetDependency */ = {
			isa = PBXTargetDependency;
			target = 520CF9FA2634833100E3B848 /* Lab14-SandwichesMulti (macOS) */;
			targetProxy = 520CFA0F2634833100E3B848 /* PBXContainerItemProxy */;
		};
/* End PBXTargetDependency section */

/* Begin XCBuildConfiguration section */
		520CFA1B2634833100E3B848 /* Debug */ = {
			isa = XCBuildConfiguration;
			buildSettings = {
				ALWAYS_SEARCH_USER_PATHS = NO;
				CLANG_ANALYZER_NONNULL = YES;
				CLANG_ANALYZER_NUMBER_OBJECT_CONVERSION = YES_AGGRESSIVE;
				CLANG_CXX_LANGUAGE_STANDARD = "gnu++14";
				CLANG_CXX_LIBRARY = "libc++";
				CLANG_ENABLE_MODULES = YES;
				CLANG_ENABLE_OBJC_ARC = YES;
				CLANG_ENABLE_OBJC_WEAK = YES;
				CLANG_WARN_BLOCK_CAPTURE_AUTORELEASING = YES;
				CLANG_WARN_BOOL_CONVERSION = YES;
				CLANG_WARN_COMMA = YES;
				CLANG_WARN_CONSTANT_CONVERSION = YES;
				CLANG_WARN_DEPRECATED_OBJC_IMPLEMENTATIONS = YES;
				CLANG_WARN_DIRECT_OBJC_ISA_USAGE = YES_ERROR;
				CLANG_WARN_DOCUMENTATION_COMMENTS = YES;
				CLANG_WARN_EMPTY_BODY = YES;
				CLANG_WARN_ENUM_CONVERSION = YES;
				CLANG_WARN_INFINITE_RECURSION = YES;
				CLANG_WARN_INT_CONVERSION = YES;
				CLANG_WARN_NON_LITERAL_NULL_CONVERSION = YES;
				CLANG_WARN_OBJC_IMPLICIT_RETAIN_SELF = YES;
				CLANG_WARN_OBJC_LITERAL_CONVERSION = YES;
				CLANG_WARN_OBJC_ROOT_CLASS = YES_ERROR;
				CLANG_WARN_QUOTED_INCLUDE_IN_FRAMEWORK_HEADER = YES;
				CLANG_WARN_RANGE_LOOP_ANALYSIS = YES;
				CLANG_WARN_STRICT_PROTOTYPES = YES;
				CLANG_WARN_SUSPICIOUS_MOVE = YES;
				CLANG_WARN_UNGUARDED_AVAILABILITY = YES_AGGRESSIVE;
				CLANG_WARN_UNREACHABLE_CODE = YES;
				CLANG_WARN__DUPLICATE_METHOD_MATCH = YES;
				COPY_PHASE_STRIP = NO;
				DEBUG_INFORMATION_FORMAT = dwarf;
				ENABLE_STRICT_OBJC_MSGSEND = YES;
				ENABLE_TESTABILITY = YES;
				GCC_C_LANGUAGE_STANDARD = gnu11;
				GCC_DYNAMIC_NO_PIC = NO;
				GCC_NO_COMMON_BLOCKS = YES;
				GCC_OPTIMIZATION_LEVEL = 0;
				GCC_PREPROCESSOR_DEFINITIONS = (
					"DEBUG=1",
					"$(inherited)",
				);
				GCC_WARN_64_TO_32_BIT_CONVERSION = YES;
				GCC_WARN_ABOUT_RETURN_TYPE = YES_ERROR;
				GCC_WARN_UNDECLARED_SELECTOR = YES;
				GCC_WARN_UNINITIALIZED_AUTOS = YES_AGGRESSIVE;
				GCC_WARN_UNUSED_FUNCTION = YES;
				GCC_WARN_UNUSED_VARIABLE = YES;
				MTL_ENABLE_DEBUG_INFO = INCLUDE_SOURCE;
				MTL_FAST_MATH = YES;
				ONLY_ACTIVE_ARCH = YES;
				SWIFT_ACTIVE_COMPILATION_CONDITIONS = DEBUG;
				SWIFT_OPTIMIZATION_LEVEL = "-Onone";
			};
			name = Debug;
		};
		520CFA1C2634833100E3B848 /* Release */ = {
			isa = XCBuildConfiguration;
			buildSettings = {
				ALWAYS_SEARCH_USER_PATHS = NO;
				CLANG_ANALYZER_NONNULL = YES;
				CLANG_ANALYZER_NUMBER_OBJECT_CONVERSION = YES_AGGRESSIVE;
				CLANG_CXX_LANGUAGE_STANDARD = "gnu++14";
				CLANG_CXX_LIBRARY = "libc++";
				CLANG_ENABLE_MODULES = YES;
				CLANG_ENABLE_OBJC_ARC = YES;
				CLANG_ENABLE_OBJC_WEAK = YES;
				CLANG_WARN_BLOCK_CAPTURE_AUTORELEASING = YES;
				CLANG_WARN_BOOL_CONVERSION = YES;
				CLANG_WARN_COMMA = YES;
				CLANG_WARN_CONSTANT_CONVERSION = YES;
				CLANG_WARN_DEPRECATED_OBJC_IMPLEMENTATIONS = YES;
				CLANG_WARN_DIRECT_OBJC_ISA_USAGE = YES_ERROR;
				CLANG_WARN_DOCUMENTATION_COMMENTS = YES;
				CLANG_WARN_EMPTY_BODY = YES;
				CLANG_WARN_ENUM_CONVERSION = YES;
				CLANG_WARN_INFINITE_RECURSION = YES;
				CLANG_WARN_INT_CONVERSION = YES;
				CLANG_WARN_NON_LITERAL_NULL_CONVERSION = YES;
				CLANG_WARN_OBJC_IMPLICIT_RETAIN_SELF = YES;
				CLANG_WARN_OBJC_LITERAL_CONVERSION = YES;
				CLANG_WARN_OBJC_ROOT_CLASS = YES_ERROR;
				CLANG_WARN_QUOTED_INCLUDE_IN_FRAMEWORK_HEADER = YES;
				CLANG_WARN_RANGE_LOOP_ANALYSIS = YES;
				CLANG_WARN_STRICT_PROTOTYPES = YES;
				CLANG_WARN_SUSPICIOUS_MOVE = YES;
				CLANG_WARN_UNGUARDED_AVAILABILITY = YES_AGGRESSIVE;
				CLANG_WARN_UNREACHABLE_CODE = YES;
				CLANG_WARN__DUPLICATE_METHOD_MATCH = YES;
				COPY_PHASE_STRIP = NO;
				DEBUG_INFORMATION_FORMAT = "dwarf-with-dsym";
				ENABLE_NS_ASSERTIONS = NO;
				ENABLE_STRICT_OBJC_MSGSEND = YES;
				GCC_C_LANGUAGE_STANDARD = gnu11;
				GCC_NO_COMMON_BLOCKS = YES;
				GCC_WARN_64_TO_32_BIT_CONVERSION = YES;
				GCC_WARN_ABOUT_RETURN_TYPE = YES_ERROR;
				GCC_WARN_UNDECLARED_SELECTOR = YES;
				GCC_WARN_UNINITIALIZED_AUTOS = YES_AGGRESSIVE;
				GCC_WARN_UNUSED_FUNCTION = YES;
				GCC_WARN_UNUSED_VARIABLE = YES;
				MTL_ENABLE_DEBUG_INFO = NO;
				MTL_FAST_MATH = YES;
				SWIFT_COMPILATION_MODE = wholemodule;
				SWIFT_OPTIMIZATION_LEVEL = "-O";
			};
			name = Release;
		};
		520CFA1E2634833100E3B848 /* Debug */ = {
			isa = XCBuildConfiguration;
			buildSettings = {
				ASSETCATALOG_COMPILER_APPICON_NAME = AppIcon;
				ASSETCATALOG_COMPILER_GLOBAL_ACCENT_COLOR_NAME = AccentColor;
				CODE_SIGN_STYLE = Automatic;
				DEVELOPMENT_TEAM = F95SX6GW52;
				ENABLE_PREVIEWS = YES;
				INFOPLIST_FILE = iOS/Info.plist;
				IPHONEOS_DEPLOYMENT_TARGET = 14.0;
				LD_RUNPATH_SEARCH_PATHS = (
					"$(inherited)",
					"@executable_path/Frameworks",
				);
				PRODUCT_BUNDLE_IDENTIFIER = "it2100.tric.edu.Lab14-SandwichesMulti";
				PRODUCT_NAME = "Lab14-SandwichesMulti";
				SDKROOT = iphoneos;
				SWIFT_VERSION = 5.0;
				TARGETED_DEVICE_FAMILY = "1,2";
			};
			name = Debug;
		};
		520CFA1F2634833100E3B848 /* Release */ = {
			isa = XCBuildConfiguration;
			buildSettings = {
				ASSETCATALOG_COMPILER_APPICON_NAME = AppIcon;
				ASSETCATALOG_COMPILER_GLOBAL_ACCENT_COLOR_NAME = AccentColor;
				CODE_SIGN_STYLE = Automatic;
				DEVELOPMENT_TEAM = F95SX6GW52;
				ENABLE_PREVIEWS = YES;
				INFOPLIST_FILE = iOS/Info.plist;
				IPHONEOS_DEPLOYMENT_TARGET = 14.0;
				LD_RUNPATH_SEARCH_PATHS = (
					"$(inherited)",
					"@executable_path/Frameworks",
				);
				PRODUCT_BUNDLE_IDENTIFIER = "it2100.tric.edu.Lab14-SandwichesMulti";
				PRODUCT_NAME = "Lab14-SandwichesMulti";
				SDKROOT = iphoneos;
				SWIFT_VERSION = 5.0;
				TARGETED_DEVICE_FAMILY = "1,2";
				VALIDATE_PRODUCT = YES;
			};
			name = Release;
		};
		520CFA212634833100E3B848 /* Debug */ = {
			isa = XCBuildConfiguration;
			buildSettings = {
				ASSETCATALOG_COMPILER_APPICON_NAME = AppIcon;
				ASSETCATALOG_COMPILER_GLOBAL_ACCENT_COLOR_NAME = AccentColor;
				CODE_SIGN_ENTITLEMENTS = macOS/macOS.entitlements;
				CODE_SIGN_STYLE = Automatic;
				COMBINE_HIDPI_IMAGES = YES;
				DEVELOPMENT_TEAM = F95SX6GW52;
				ENABLE_HARDENED_RUNTIME = YES;
				ENABLE_PREVIEWS = YES;
				INFOPLIST_FILE = macOS/Info.plist;
				LD_RUNPATH_SEARCH_PATHS = (
					"$(inherited)",
					"@executable_path/../Frameworks",
				);
				MACOSX_DEPLOYMENT_TARGET = 11.0;
				PRODUCT_BUNDLE_IDENTIFIER = "it2100.tric.edu.Lab14-SandwichesMulti";
				PRODUCT_NAME = "Lab14-SandwichesMulti";
				SDKROOT = macosx;
				SWIFT_VERSION = 5.0;
			};
			name = Debug;
		};
		520CFA222634833100E3B848 /* Release */ = {
			isa = XCBuildConfiguration;
			buildSettings = {
				ASSETCATALOG_COMPILER_APPICON_NAME = AppIcon;
				ASSETCATALOG_COMPILER_GLOBAL_ACCENT_COLOR_NAME = AccentColor;
				CODE_SIGN_ENTITLEMENTS = macOS/macOS.entitlements;
				CODE_SIGN_STYLE = Automatic;
				COMBINE_HIDPI_IMAGES = YES;
				DEVELOPMENT_TEAM = F95SX6GW52;
				ENABLE_HARDENED_RUNTIME = YES;
				ENABLE_PREVIEWS = YES;
				INFOPLIST_FILE = macOS/Info.plist;
				LD_RUNPATH_SEARCH_PATHS = (
					"$(inherited)",
					"@executable_path/../Frameworks",
				);
				MACOSX_DEPLOYMENT_TARGET = 11.0;
				PRODUCT_BUNDLE_IDENTIFIER = "it2100.tric.edu.Lab14-SandwichesMulti";
				PRODUCT_NAME = "Lab14-SandwichesMulti";
				SDKROOT = macosx;
				SWIFT_VERSION = 5.0;
			};
			name = Release;
		};
		520CFA242634833100E3B848 /* Debug */ = {
			isa = XCBuildConfiguration;
			buildSettings = {
				ALWAYS_EMBED_SWIFT_STANDARD_LIBRARIES = YES;
				CODE_SIGN_STYLE = Automatic;
				DEVELOPMENT_TEAM = F95SX6GW52;
				INFOPLIST_FILE = "Tests iOS/Info.plist";
				IPHONEOS_DEPLOYMENT_TARGET = 14.4;
				LD_RUNPATH_SEARCH_PATHS = (
					"$(inherited)",
					"@executable_path/Frameworks",
					"@loader_path/Frameworks",
				);
				PRODUCT_BUNDLE_IDENTIFIER = "it2100.tric.edu.Tests-iOS";
				PRODUCT_NAME = "$(TARGET_NAME)";
				SDKROOT = iphoneos;
				SWIFT_VERSION = 5.0;
				TARGETED_DEVICE_FAMILY = "1,2";
				TEST_TARGET_NAME = "Lab14-SandwichesMulti (iOS)";
			};
			name = Debug;
		};
		520CFA252634833100E3B848 /* Release */ = {
			isa = XCBuildConfiguration;
			buildSettings = {
				ALWAYS_EMBED_SWIFT_STANDARD_LIBRARIES = YES;
				CODE_SIGN_STYLE = Automatic;
				DEVELOPMENT_TEAM = F95SX6GW52;
				INFOPLIST_FILE = "Tests iOS/Info.plist";
				IPHONEOS_DEPLOYMENT_TARGET = 14.4;
				LD_RUNPATH_SEARCH_PATHS = (
					"$(inherited)",
					"@executable_path/Frameworks",
					"@loader_path/Frameworks",
				);
				PRODUCT_BUNDLE_IDENTIFIER = "it2100.tric.edu.Tests-iOS";
				PRODUCT_NAME = "$(TARGET_NAME)";
				SDKROOT = iphoneos;
				SWIFT_VERSION = 5.0;
				TARGETED_DEVICE_FAMILY = "1,2";
				TEST_TARGET_NAME = "Lab14-SandwichesMulti (iOS)";
				VALIDATE_PRODUCT = YES;
			};
			name = Release;
		};
		520CFA272634833100E3B848 /* Debug */ = {
			isa = XCBuildConfiguration;
			buildSettings = {
				ALWAYS_EMBED_SWIFT_STANDARD_LIBRARIES = YES;
				CODE_SIGN_STYLE = Automatic;
				COMBINE_HIDPI_IMAGES = YES;
				DEVELOPMENT_TEAM = F95SX6GW52;
				INFOPLIST_FILE = "Tests macOS/Info.plist";
				LD_RUNPATH_SEARCH_PATHS = (
					"$(inherited)",
					"@executable_path/../Frameworks",
					"@loader_path/../Frameworks",
				);
				MACOSX_DEPLOYMENT_TARGET = 11.1;
				PRODUCT_BUNDLE_IDENTIFIER = "it2100.tric.edu.Tests-macOS";
				PRODUCT_NAME = "$(TARGET_NAME)";
				SDKROOT = macosx;
				SWIFT_VERSION = 5.0;
				TEST_TARGET_NAME = "Lab14-SandwichesMulti (macOS)";
			};
			name = Debug;
		};
		520CFA282634833100E3B848 /* Release */ = {
			isa = XCBuildConfiguration;
			buildSettings = {
				ALWAYS_EMBED_SWIFT_STANDARD_LIBRARIES = YES;
				CODE_SIGN_STYLE = Automatic;
				COMBINE_HIDPI_IMAGES = YES;
				DEVELOPMENT_TEAM = F95SX6GW52;
				INFOPLIST_FILE = "Tests macOS/Info.plist";
				LD_RUNPATH_SEARCH_PATHS = (
					"$(inherited)",
					"@executable_path/../Frameworks",
					"@loader_path/../Frameworks",
				);
				MACOSX_DEPLOYMENT_TARGET = 11.1;
				PRODUCT_BUNDLE_IDENTIFIER = "it2100.tric.edu.Tests-macOS";
				PRODUCT_NAME = "$(TARGET_NAME)";
				SDKROOT = macosx;
				SWIFT_VERSION = 5.0;
				TEST_TARGET_NAME = "Lab14-SandwichesMulti (macOS)";
			};
			name = Release;
		};
/* End XCBuildConfiguration section */

/* Begin XCConfigurationList section */
		520CF9EA2634833000E3B848 /* Build configuration list for PBXProject "Lab14-SandwichesMulti" */ = {
			isa = XCConfigurationList;
			buildConfigurations = (
				520CFA1B2634833100E3B848 /* Debug */,
				520CFA1C2634833100E3B848 /* Release */,
			);
			defaultConfigurationIsVisible = 0;
			defaultConfigurationName = Release;
		};
		520CFA1D2634833100E3B848 /* Build configuration list for PBXNativeTarget "Lab14-SandwichesMulti (iOS)" */ = {
			isa = XCConfigurationList;
			buildConfigurations = (
				520CFA1E2634833100E3B848 /* Debug */,
				520CFA1F2634833100E3B848 /* Release */,
			);
			defaultConfigurationIsVisible = 0;
			defaultConfigurationName = Release;
		};
		520CFA202634833100E3B848 /* Build configuration list for PBXNativeTarget "Lab14-SandwichesMulti (macOS)" */ = {
			isa = XCConfigurationList;
			buildConfigurations = (
				520CFA212634833100E3B848 /* Debug */,
				520CFA222634833100E3B848 /* Release */,
			);
			defaultConfigurationIsVisible = 0;
			defaultConfigurationName = Release;
		};
		520CFA232634833100E3B848 /* Build configuration list for PBXNativeTarget "Tests iOS" */ = {
			isa = XCConfigurationList;
			buildConfigurations = (
				520CFA242634833100E3B848 /* Debug */,
				520CFA252634833100E3B848 /* Release */,
			);
			defaultConfigurationIsVisible = 0;
			defaultConfigurationName = Release;
		};
		520CFA262634833100E3B848 /* Build configuration list for PBXNativeTarget "Tests macOS" */ = {
			isa = XCConfigurationList;
			buildConfigurations = (
				520CFA272634833100E3B848 /* Debug */,
				520CFA282634833100E3B848 /* Release */,
			);
			defaultConfigurationIsVisible = 0;
			defaultConfigurationName = Release;
		};
/* End XCConfigurationList section */
	};
	rootObject = 520CF9E72634833000E3B848 /* Project object */;
}
